// !$*UTF8*$!
{
	archiveVersion = 1;
	classes = {
	};
	objectVersion = 46;
	objects = {

/* Begin PBXBuildFile section */
		150C6DA81F46D74800731FC7 /* PYSelectorBarView.m in Sources */ = {isa = PBXBuildFile; fileRef = 150C6DA71F46D74800731FC7 /* PYSelectorBarView.m */; };
		150C6DA91F46EB8000731FC7 /* PYSelectorBarView.h in CopyFiles */ = {isa = PBXBuildFile; fileRef = 150C6DA61F46D74800731FC7 /* PYSelectorBarView.h */; };
		150C6EE91F4AC7B200731FC7 /* PYHybirdUtile.m in Sources */ = {isa = PBXBuildFile; fileRef = 150C6EE51F4AC7B200731FC7 /* PYHybirdUtile.m */; };
		150C6EEC1F4AC7C700731FC7 /* JavaScriptCore.framework in Frameworks */ = {isa = PBXBuildFile; fileRef = 150C6EEB1F4AC7C700731FC7 /* JavaScriptCore.framework */; };
		150C6EED1F4AC7D400731FC7 /* JavaScriptCore.framework in Frameworks */ = {isa = PBXBuildFile; fileRef = 150C6EEB1F4AC7C700731FC7 /* JavaScriptCore.framework */; };
		150D4D871F95B0720058FB83 /* PYSelectorScrollView.m in Sources */ = {isa = PBXBuildFile; fileRef = 150D4D861F95B0720058FB83 /* PYSelectorScrollView.m */; };
		150EC3DA2061FFDE00F5AA6B /* WebKit.framework in Frameworks */ = {isa = PBXBuildFile; fileRef = 150EC3D92061FFDE00F5AA6B /* WebKit.framework */; };
		150EC3DC2061FFE800F5AA6B /* Foundation.framework in Frameworks */ = {isa = PBXBuildFile; fileRef = 150EC3DB2061FFE800F5AA6B /* Foundation.framework */; };
		151AA85720A1750600B58AB9 /* PYSliderDoubleView.m in Sources */ = {isa = PBXBuildFile; fileRef = 151AA85620A1750600B58AB9 /* PYSliderDoubleView.m */; };
		151AA85820A1A2CA00B58AB9 /* PYSliderDoubleView.h in CopyFiles */ = {isa = PBXBuildFile; fileRef = 151AA85520A1750600B58AB9 /* PYSliderDoubleView.h */; };
		151AA85920A1A2E800B58AB9 /* PYSliderDoubleView.m in Sources */ = {isa = PBXBuildFile; fileRef = 151AA85620A1750600B58AB9 /* PYSliderDoubleView.m */; };
		152289F21F4E6C9000E02321 /* timg.jpeg in Resources */ = {isa = PBXBuildFile; fileRef = 152289F11F4E6C9000E02321 /* timg.jpeg */; };
		1522C7BE1F18A1BC003CB0D0 /* PYTextInputCheckParams.m in Sources */ = {isa = PBXBuildFile; fileRef = 1522C7BD1F18A1BC003CB0D0 /* PYTextInputCheckParams.m */; };
		152AAAA81FFB6EFD00370DF8 /* PYTestSelectorController.m in Sources */ = {isa = PBXBuildFile; fileRef = 152AAAA71FFB6EFD00370DF8 /* PYTestSelectorController.m */; };
		152C31941F0DD6EC006FD18C /* PYAudioRecord.m in Sources */ = {isa = PBXBuildFile; fileRef = 152C31931F0DD6EC006FD18C /* PYAudioRecord.m */; };
		152F58B31F4BDD09006528C7 /* PYHybirdUtile.h in CopyFiles */ = {isa = PBXBuildFile; fileRef = 150C6EE41F4AC7B200731FC7 /* PYHybirdUtile.h */; };
		15417B3E1EADCF4B009C894F /* NSDate+Lunar.m in Sources */ = {isa = PBXBuildFile; fileRef = 15417B331EADCF4B009C894F /* NSDate+Lunar.m */; };
		15417B3F1EADCF4B009C894F /* PYCalendarHeadView.m in Sources */ = {isa = PBXBuildFile; fileRef = 15417B351EADCF4B009C894F /* PYCalendarHeadView.m */; };
		15417B401EADCF4B009C894F /* PYCalendarParam.m in Sources */ = {isa = PBXBuildFile; fileRef = 15417B371EADCF4B009C894F /* PYCalendarParam.m */; };
		15417B411EADCF4B009C894F /* PYCalendarTimeView.m in Sources */ = {isa = PBXBuildFile; fileRef = 15417B391EADCF4B009C894F /* PYCalendarTimeView.m */; };
		15417B421EADCF4B009C894F /* PYCalendarView.m in Sources */ = {isa = PBXBuildFile; fileRef = 15417B3B1EADCF4B009C894F /* PYCalendarView.m */; };
		15417B431EADCF4B009C894F /* PYCalenderDrawView.m in Sources */ = {isa = PBXBuildFile; fileRef = 15417B3D1EADCF4B009C894F /* PYCalenderDrawView.m */; };
		15417B441EADCF62009C894F /* NSDate+Lunar.h in CopyFiles */ = {isa = PBXBuildFile; fileRef = 15417B321EADCF4B009C894F /* NSDate+Lunar.h */; };
		15417B451EADCF62009C894F /* PYCalendarHeadView.h in CopyFiles */ = {isa = PBXBuildFile; fileRef = 15417B341EADCF4B009C894F /* PYCalendarHeadView.h */; };
		15417B461EADCF62009C894F /* PYCalendarParam.h in CopyFiles */ = {isa = PBXBuildFile; fileRef = 15417B361EADCF4B009C894F /* PYCalendarParam.h */; };
		15417B471EADCF62009C894F /* PYCalendarTimeView.h in CopyFiles */ = {isa = PBXBuildFile; fileRef = 15417B381EADCF4B009C894F /* PYCalendarTimeView.h */; };
		15417B481EADCF62009C894F /* PYCalendarView.h in CopyFiles */ = {isa = PBXBuildFile; fileRef = 15417B3A1EADCF4B009C894F /* PYCalendarView.h */; };
		15417B491EADCF62009C894F /* PYCalenderDrawView.h in CopyFiles */ = {isa = PBXBuildFile; fileRef = 15417B3C1EADCF4B009C894F /* PYCalenderDrawView.h */; };
		154537671F9EE69C000A36ED /* pykita.h in CopyFiles */ = {isa = PBXBuildFile; fileRef = 15CC08621EA757A60006B505 /* pykita.h */; };
		154E5BDC20AD3B3A00C4E5C0 /* PYTestSliderController.m in Sources */ = {isa = PBXBuildFile; fileRef = 154E5BDB20AD3B3A00C4E5C0 /* PYTestSliderController.m */; };
		154E5BDF20AD3C5000C4E5C0 /* PYSliderSingleView.m in Sources */ = {isa = PBXBuildFile; fileRef = 154E5BDE20AD3C5000C4E5C0 /* PYSliderSingleView.m */; };
		154E5BE220AD3CD900C4E5C0 /* PYSliderParams.m in Sources */ = {isa = PBXBuildFile; fileRef = 154E5BE120AD3CD900C4E5C0 /* PYSliderParams.m */; };
		154E5BE320AD634C00C4E5C0 /* PYSliderParams.m in Sources */ = {isa = PBXBuildFile; fileRef = 154E5BE120AD3CD900C4E5C0 /* PYSliderParams.m */; };
		154E5BE420AD634C00C4E5C0 /* PYSliderSingleView.m in Sources */ = {isa = PBXBuildFile; fileRef = 154E5BDE20AD3C5000C4E5C0 /* PYSliderSingleView.m */; };
		154E5BE520AD636900C4E5C0 /* PYSelectorScrollView.m in Sources */ = {isa = PBXBuildFile; fileRef = 150D4D861F95B0720058FB83 /* PYSelectorScrollView.m */; };
		154E5BE620AD637A00C4E5C0 /* PYSliderParams.h in CopyFiles */ = {isa = PBXBuildFile; fileRef = 154E5BE020AD3CD900C4E5C0 /* PYSliderParams.h */; };
		154E5BE720AD637A00C4E5C0 /* PYSliderSingleView.h in CopyFiles */ = {isa = PBXBuildFile; fileRef = 154E5BDD20AD3C5000C4E5C0 /* PYSliderSingleView.h */; };
		154E5BE820AD637A00C4E5C0 /* PYSelectorScrollView.h in CopyFiles */ = {isa = PBXBuildFile; fileRef = 150D4D851F95B0720058FB83 /* PYSelectorScrollView.h */; };
		1555E0CC1F5CF1C10017B436 /* UITextField+PYCheck.m in Sources */ = {isa = PBXBuildFile; fileRef = 1555E0C91F5CF1C10017B436 /* UITextField+PYCheck.m */; };
		155B586C1F5E49670070ECEE /* PYDisplayImageTools.m in Sources */ = {isa = PBXBuildFile; fileRef = 155B586B1F5E49670070ECEE /* PYDisplayImageTools.m */; };
		155D7808206F9E6C00B2CDDB /* libpyinterflowa.a in Frameworks */ = {isa = PBXBuildFile; fileRef = 155D77CC206F9E6B00B2CDDB /* libpyinterflowa.a */; };
		155D7809206F9E6C00B2CDDB /* libpynetworka.a in Frameworks */ = {isa = PBXBuildFile; fileRef = 155D77D6206F9E6B00B2CDDB /* libpynetworka.a */; };
		155D780A206F9E6C00B2CDDB /* libpyutilea.a in Frameworks */ = {isa = PBXBuildFile; fileRef = 155D77DE206F9E6B00B2CDDB /* libpyutilea.a */; };
		15611F271F0B7DE900CD8848 /* AVFoundation.framework in Frameworks */ = {isa = PBXBuildFile; fileRef = 15611F261F0B7DE900CD8848 /* AVFoundation.framework */; };
		156FA05A2062106C0034ED49 /* PYWebView.h in CopyFiles */ = {isa = PBXBuildFile; fileRef = 15EC574A2062034600C37942 /* PYWebView.h */; };
		1589DCC1204D160000D78784 /* PYTestImageController.m in Sources */ = {isa = PBXBuildFile; fileRef = 1589DCC0204D160000D78784 /* PYTestImageController.m */; };
		1597CB031F5D2D6300690BBB /* UITextField+PYCheck.h in CopyFiles */ = {isa = PBXBuildFile; fileRef = 1555E0C81F5CF1C10017B436 /* UITextField+PYCheck.h */; };
		1597CB0A1F5D42AE00690BBB /* PYDisplayImageView.m in Sources */ = {isa = PBXBuildFile; fileRef = 1597CB091F5D42AE00690BBB /* PYDisplayImageView.m */; };
		1598847D1F6B7F6100E589D3 /* PYDisplayImageView.h in CopyFiles */ = {isa = PBXBuildFile; fileRef = 1597CB081F5D42AE00690BBB /* PYDisplayImageView.h */; };
		159884801F6B99FE00E589D3 /* icon.png in Resources */ = {isa = PBXBuildFile; fileRef = 1598847F1F6B99FE00E589D3 /* icon.png */; };
		159C3A811F555B9800167B3E /* 1.jpg in Resources */ = {isa = PBXBuildFile; fileRef = 159C3A801F555B9800167B3E /* 1.jpg */; };
		159C3A851F56AF6900167B3E /* py_webview_hybird.js in Resources */ = {isa = PBXBuildFile; fileRef = 159C3A841F56AF6900167B3E /* py_webview_hybird.js */; };
		159C3A8A1F56C35800167B3E /* py_webview_hybird.js in CopyFiles */ = {isa = PBXBuildFile; fileRef = 159C3A841F56AF6900167B3E /* py_webview_hybird.js */; };
		15AA334B1F160A030070631E /* PYAudio.h in CopyFiles */ = {isa = PBXBuildFile; fileRef = 152C31961F0DE198006FD18C /* PYAudio.h */; };
		15AA334C1F160A030070631E /* PYAudioTools.h in CopyFiles */ = {isa = PBXBuildFile; fileRef = 15D9F32C1F0F2510002276A9 /* PYAudioTools.h */; };
		15AA334D1F160A030070631E /* PYAudioPlayer.h in CopyFiles */ = {isa = PBXBuildFile; fileRef = 15D9F32B1F0F2510002276A9 /* PYAudioPlayer.h */; };
		15AA334E1F160A030070631E /* PYAudioRecord.h in CopyFiles */ = {isa = PBXBuildFile; fileRef = 152C31921F0DD6EC006FD18C /* PYAudioRecord.h */; };
		15B8D6681EA8859200B8487E /* PYAsyImageView.h in CopyFiles */ = {isa = PBXBuildFile; fileRef = 15CC07FB1EA756120006B505 /* PYAsyImageView.h */; };
		15BD959720BC048100A5811A /* PYTestCheckController.m in Sources */ = {isa = PBXBuildFile; fileRef = 15BD959620BC048100A5811A /* PYTestCheckController.m */; };
		15C376131FC283600076EFA6 /* PY3DOrthogonView.m in Sources */ = {isa = PBXBuildFile; fileRef = 15C376121FC283600076EFA6 /* PY3DOrthogonView.m */; };
		15C376161FC2D7110076EFA6 /* PY3DParams.m in Sources */ = {isa = PBXBuildFile; fileRef = 15C376151FC2D7110076EFA6 /* PY3DParams.m */; };
		15C376191FC2D7CD0076EFA6 /* PY3DView.m in Sources */ = {isa = PBXBuildFile; fileRef = 15C376181FC2D7CD0076EFA6 /* PY3DView.m */; };
		15CC07E31EA7556C0006B505 /* main.m in Sources */ = {isa = PBXBuildFile; fileRef = 15CC07E21EA7556C0006B505 /* main.m */; };
		15CC07E61EA7556C0006B505 /* AppDelegate.m in Sources */ = {isa = PBXBuildFile; fileRef = 15CC07E51EA7556C0006B505 /* AppDelegate.m */; };
		15CC07E91EA7556C0006B505 /* ViewController.m in Sources */ = {isa = PBXBuildFile; fileRef = 15CC07E81EA7556C0006B505 /* ViewController.m */; };
		15CC07EC1EA7556C0006B505 /* Main.storyboard in Resources */ = {isa = PBXBuildFile; fileRef = 15CC07EA1EA7556C0006B505 /* Main.storyboard */; };
		15CC07EE1EA7556C0006B505 /* Assets.xcassets in Resources */ = {isa = PBXBuildFile; fileRef = 15CC07ED1EA7556C0006B505 /* Assets.xcassets */; };
		15CC07F11EA7556C0006B505 /* LaunchScreen.storyboard in Resources */ = {isa = PBXBuildFile; fileRef = 15CC07EF1EA7556C0006B505 /* LaunchScreen.storyboard */; };
		15CC07FF1EA756120006B505 /* PYAsyImageView.m in Sources */ = {isa = PBXBuildFile; fileRef = 15CC07FC1EA756120006B505 /* PYAsyImageView.m */; };
		15CC084D1EA757050006B505 /* PYDatePikerView.m in Sources */ = {isa = PBXBuildFile; fileRef = 15CC08431EA757050006B505 /* PYDatePikerView.m */; };
		15CC084E1EA757050006B505 /* PYCalendarGraphics.m in Sources */ = {isa = PBXBuildFile; fileRef = 15CC08451EA757050006B505 /* PYCalendarGraphics.m */; };
		15CC084F1EA757050006B505 /* PYCalendarLocation.m in Sources */ = {isa = PBXBuildFile; fileRef = 15CC08461EA757050006B505 /* PYCalendarLocation.m */; };
		15CC08501EA757050006B505 /* PYCalendarLunar.m in Sources */ = {isa = PBXBuildFile; fileRef = 15CC08481EA757050006B505 /* PYCalendarLunar.m */; };
		15CC08511EA757050006B505 /* calendar_lunar.c in Sources */ = {isa = PBXBuildFile; fileRef = 15CC084A1EA757050006B505 /* calendar_lunar.c */; };
		15CC087A1EA7595A0006B505 /* PYKit.bundle in Resources */ = {isa = PBXBuildFile; fileRef = 15CC08791EA7595A0006B505 /* PYKit.bundle */; };
		15D5892720844482006612C6 /* PYWebView.m in Sources */ = {isa = PBXBuildFile; fileRef = 15EC57492062034600C37942 /* PYWebView.m */; };
		15D5892820844482006612C6 /* PYHybirdUtile.m in Sources */ = {isa = PBXBuildFile; fileRef = 150C6EE51F4AC7B200731FC7 /* PYHybirdUtile.m */; };
		15D5892920844482006612C6 /* PYSelectorBarView.m in Sources */ = {isa = PBXBuildFile; fileRef = 150C6DA71F46D74800731FC7 /* PYSelectorBarView.m */; };
		15D5892B20844482006612C6 /* PYAudioRecord.m in Sources */ = {isa = PBXBuildFile; fileRef = 152C31931F0DD6EC006FD18C /* PYAudioRecord.m */; };
		15D5892C20844482006612C6 /* PYAudioTools.m in Sources */ = {isa = PBXBuildFile; fileRef = 15D9F3291F0F2510002276A9 /* PYAudioTools.m */; };
		15D5892D20844482006612C6 /* PYAudioPlayer.m in Sources */ = {isa = PBXBuildFile; fileRef = 15D9F32A1F0F2510002276A9 /* PYAudioPlayer.m */; };
		15D5892E20844482006612C6 /* NSDate+Lunar.m in Sources */ = {isa = PBXBuildFile; fileRef = 15417B331EADCF4B009C894F /* NSDate+Lunar.m */; };
		15D5892F20844482006612C6 /* PYCalendarParam.m in Sources */ = {isa = PBXBuildFile; fileRef = 15417B371EADCF4B009C894F /* PYCalendarParam.m */; };
		15D5893020844482006612C6 /* PYCalendarTimeView.m in Sources */ = {isa = PBXBuildFile; fileRef = 15417B391EADCF4B009C894F /* PYCalendarTimeView.m */; };
		15D5893120844482006612C6 /* PYCalendarView.m in Sources */ = {isa = PBXBuildFile; fileRef = 15417B3B1EADCF4B009C894F /* PYCalendarView.m */; };
		15D5893220844482006612C6 /* PYCalenderDrawView.m in Sources */ = {isa = PBXBuildFile; fileRef = 15417B3D1EADCF4B009C894F /* PYCalenderDrawView.m */; };
		15D5893320844482006612C6 /* PYAsyImageView.m in Sources */ = {isa = PBXBuildFile; fileRef = 15CC07FC1EA756120006B505 /* PYAsyImageView.m */; };
		15D5893420844482006612C6 /* PYDisplayImageView.m in Sources */ = {isa = PBXBuildFile; fileRef = 1597CB091F5D42AE00690BBB /* PYDisplayImageView.m */; };
		15D5893520844482006612C6 /* UITextField+PYCheck.m in Sources */ = {isa = PBXBuildFile; fileRef = 1555E0C91F5CF1C10017B436 /* UITextField+PYCheck.m */; };
		15D9F32D1F0F2510002276A9 /* PYAudioTools.m in Sources */ = {isa = PBXBuildFile; fileRef = 15D9F3291F0F2510002276A9 /* PYAudioTools.m */; };
		15D9F32E1F0F2510002276A9 /* PYAudioPlayer.m in Sources */ = {isa = PBXBuildFile; fileRef = 15D9F32A1F0F2510002276A9 /* PYAudioPlayer.m */; };
		15DA7DB21F09E899002FE132 /* TextFieldCheckController.m in Sources */ = {isa = PBXBuildFile; fileRef = 15DA7DB01F09E899002FE132 /* TextFieldCheckController.m */; };
		15DA7DB31F09E899002FE132 /* TextFieldCheckController.xib in Resources */ = {isa = PBXBuildFile; fileRef = 15DA7DB11F09E899002FE132 /* TextFieldCheckController.xib */; };
		15DB8C97210C120E00AA2CF9 /* PYMapView.m in Sources */ = {isa = PBXBuildFile; fileRef = 15DB8C96210C120E00AA2CF9 /* PYMapView.m */; };
		15DB8CA3210C122700AA2CF9 /* PYAnnotation.m in Sources */ = {isa = PBXBuildFile; fileRef = 15DB8C9A210C122700AA2CF9 /* PYAnnotation.m */; };
		15DB8CA4210C122700AA2CF9 /* PYMapView+Annotaions.m in Sources */ = {isa = PBXBuildFile; fileRef = 15DB8C9C210C122700AA2CF9 /* PYMapView+Annotaions.m */; };
		15DB8CA5210C122700AA2CF9 /* PYMapView+Region.m in Sources */ = {isa = PBXBuildFile; fileRef = 15DB8C9E210C122700AA2CF9 /* PYMapView+Region.m */; };
		15DB8CA6210C122700AA2CF9 /* PYMapView+UserLocation.m in Sources */ = {isa = PBXBuildFile; fileRef = 15DB8CA0210C122700AA2CF9 /* PYMapView+UserLocation.m */; };
		15DB8CA7210C122700AA2CF9 /* PYUserLocationView.m in Sources */ = {isa = PBXBuildFile; fileRef = 15DB8CA2210C122700AA2CF9 /* PYUserLocationView.m */; };
		15DB8CAB210C128C00AA2CF9 /* PYAnnotation.m in Sources */ = {isa = PBXBuildFile; fileRef = 15DB8C9A210C122700AA2CF9 /* PYAnnotation.m */; };
		15DB8CAC210C128C00AA2CF9 /* PYMapView+Annotaions.m in Sources */ = {isa = PBXBuildFile; fileRef = 15DB8C9C210C122700AA2CF9 /* PYMapView+Annotaions.m */; };
		15DB8CAD210C128C00AA2CF9 /* PYMapView+Region.m in Sources */ = {isa = PBXBuildFile; fileRef = 15DB8C9E210C122700AA2CF9 /* PYMapView+Region.m */; };
		15DB8CAE210C128C00AA2CF9 /* PYMapView+UserLocation.m in Sources */ = {isa = PBXBuildFile; fileRef = 15DB8CA0210C122700AA2CF9 /* PYMapView+UserLocation.m */; };
		15DB8CAF210C128C00AA2CF9 /* PYUserLocationView.m in Sources */ = {isa = PBXBuildFile; fileRef = 15DB8CA2210C122700AA2CF9 /* PYUserLocationView.m */; };
		15DB8CB0210C129E00AA2CF9 /* PYMapView.h in CopyFiles */ = {isa = PBXBuildFile; fileRef = 15DB8C95210C120E00AA2CF9 /* PYMapView.h */; };
		15DB8CB3210C12F300AA2CF9 /* PYTestMapController.m in Sources */ = {isa = PBXBuildFile; fileRef = 15DB8CB2210C12F300AA2CF9 /* PYTestMapController.m */; };
		15DFCAE7200C7DA400DA4C0F /* libmp3lame.a in Frameworks */ = {isa = PBXBuildFile; fileRef = 15DFCAE6200C7DA300DA4C0F /* libmp3lame.a */; };
		15E2335E1F6FB8EA00C87D9D /* SelecteBarController.m in Sources */ = {isa = PBXBuildFile; fileRef = 15E2335C1F6FB8EA00C87D9D /* SelecteBarController.m */; };
		15E668362113FA50001BC998 /* PYMapView+Annotaions.h in CopyFiles */ = {isa = PBXBuildFile; fileRef = 15DB8C9B210C122700AA2CF9 /* PYMapView+Annotaions.h */; };
		15E668372113FA50001BC998 /* PYMapView+Region.h in CopyFiles */ = {isa = PBXBuildFile; fileRef = 15DB8C9D210C122700AA2CF9 /* PYMapView+Region.h */; };
		15E668382113FA50001BC998 /* PYMapView+UserLocation.h in CopyFiles */ = {isa = PBXBuildFile; fileRef = 15DB8C9F210C122700AA2CF9 /* PYMapView+UserLocation.h */; };
		15E6683C2113FAC3001BC998 /* PYMapView.m in Sources */ = {isa = PBXBuildFile; fileRef = 15DB8C96210C120E00AA2CF9 /* PYMapView.m */; };
		15EC574B2062034600C37942 /* PYWebView.m in Sources */ = {isa = PBXBuildFile; fileRef = 15EC57492062034600C37942 /* PYWebView.m */; };
		15EEF848202019380092620A /* PYTestCalendarController.m in Sources */ = {isa = PBXBuildFile; fileRef = 15EEF847202019380092620A /* PYTestCalendarController.m */; };
		15EF125C208454A900039690 /* PYCalendarHeadView.m in Sources */ = {isa = PBXBuildFile; fileRef = 15417B351EADCF4B009C894F /* PYCalendarHeadView.m */; };
		15EF125E208454A900039690 /* PYCalendarGraphics.m in Sources */ = {isa = PBXBuildFile; fileRef = 15CC08451EA757050006B505 /* PYCalendarGraphics.m */; };
		15EF125F208454A900039690 /* PYCalendarLocation.m in Sources */ = {isa = PBXBuildFile; fileRef = 15CC08461EA757050006B505 /* PYCalendarLocation.m */; };
		15EF1260208454A900039690 /* PYCalendarLunar.m in Sources */ = {isa = PBXBuildFile; fileRef = 15CC08481EA757050006B505 /* PYCalendarLunar.m */; };
		15EF1261208454A900039690 /* PYDatePikerView.m in Sources */ = {isa = PBXBuildFile; fileRef = 15CC08431EA757050006B505 /* PYDatePikerView.m */; };
		15EF1262208454A900039690 /* PYTextInputCheckParams.m in Sources */ = {isa = PBXBuildFile; fileRef = 1522C7BD1F18A1BC003CB0D0 /* PYTextInputCheckParams.m */; };
		15EF1263208454A900039690 /* PYDisplayImageTools.m in Sources */ = {isa = PBXBuildFile; fileRef = 155B586B1F5E49670070ECEE /* PYDisplayImageTools.m */; };
		15EF12642084555200039690 /* calendar_lunar.c in Sources */ = {isa = PBXBuildFile; fileRef = 15CC084A1EA757050006B505 /* calendar_lunar.c */; };
/* End PBXBuildFile section */

/* Begin PBXCopyFilesBuildPhase section */
		15CC085E1EA757A60006B505 /* CopyFiles */ = {
			isa = PBXCopyFilesBuildPhase;
			buildActionMask = 12;
			dstPath = "$(PRODUCT_NAME)";
			dstSubfolderSpec = 16;
			files = (
				15E668362113FA50001BC998 /* PYMapView+Annotaions.h in CopyFiles */,
				15E668372113FA50001BC998 /* PYMapView+Region.h in CopyFiles */,
				15E668382113FA50001BC998 /* PYMapView+UserLocation.h in CopyFiles */,
				15DB8CB0210C129E00AA2CF9 /* PYMapView.h in CopyFiles */,
				154E5BE620AD637A00C4E5C0 /* PYSliderParams.h in CopyFiles */,
				154E5BE720AD637A00C4E5C0 /* PYSliderSingleView.h in CopyFiles */,
				154E5BE820AD637A00C4E5C0 /* PYSelectorScrollView.h in CopyFiles */,
				151AA85820A1A2CA00B58AB9 /* PYSliderDoubleView.h in CopyFiles */,
				156FA05A2062106C0034ED49 /* PYWebView.h in CopyFiles */,
				154537671F9EE69C000A36ED /* pykita.h in CopyFiles */,
				1598847D1F6B7F6100E589D3 /* PYDisplayImageView.h in CopyFiles */,
				1597CB031F5D2D6300690BBB /* UITextField+PYCheck.h in CopyFiles */,
				159C3A8A1F56C35800167B3E /* py_webview_hybird.js in CopyFiles */,
				152F58B31F4BDD09006528C7 /* PYHybirdUtile.h in CopyFiles */,
				150C6DA91F46EB8000731FC7 /* PYSelectorBarView.h in CopyFiles */,
				15AA334B1F160A030070631E /* PYAudio.h in CopyFiles */,
				15AA334C1F160A030070631E /* PYAudioTools.h in CopyFiles */,
				15AA334D1F160A030070631E /* PYAudioPlayer.h in CopyFiles */,
				15AA334E1F160A030070631E /* PYAudioRecord.h in CopyFiles */,
				15417B441EADCF62009C894F /* NSDate+Lunar.h in CopyFiles */,
				15417B451EADCF62009C894F /* PYCalendarHeadView.h in CopyFiles */,
				15417B461EADCF62009C894F /* PYCalendarParam.h in CopyFiles */,
				15417B471EADCF62009C894F /* PYCalendarTimeView.h in CopyFiles */,
				15417B481EADCF62009C894F /* PYCalendarView.h in CopyFiles */,
				15417B491EADCF62009C894F /* PYCalenderDrawView.h in CopyFiles */,
				15B8D6681EA8859200B8487E /* PYAsyImageView.h in CopyFiles */,
			);
			runOnlyForDeploymentPostprocessing = 0;
		};
/* End PBXCopyFilesBuildPhase section */

/* Begin PBXFileReference section */
		150C6DA61F46D74800731FC7 /* PYSelectorBarView.h */ = {isa = PBXFileReference; fileEncoding = 4; lastKnownFileType = sourcecode.c.h; path = PYSelectorBarView.h; sourceTree = "<group>"; };
		150C6DA71F46D74800731FC7 /* PYSelectorBarView.m */ = {isa = PBXFileReference; fileEncoding = 4; lastKnownFileType = sourcecode.c.objc; path = PYSelectorBarView.m; sourceTree = "<group>"; };
		150C6EE41F4AC7B200731FC7 /* PYHybirdUtile.h */ = {isa = PBXFileReference; fileEncoding = 4; lastKnownFileType = sourcecode.c.h; path = PYHybirdUtile.h; sourceTree = "<group>"; };
		150C6EE51F4AC7B200731FC7 /* PYHybirdUtile.m */ = {isa = PBXFileReference; fileEncoding = 4; lastKnownFileType = sourcecode.c.objc; path = PYHybirdUtile.m; sourceTree = "<group>"; };
		150C6EEB1F4AC7C700731FC7 /* JavaScriptCore.framework */ = {isa = PBXFileReference; lastKnownFileType = wrapper.framework; name = JavaScriptCore.framework; path = System/Library/Frameworks/JavaScriptCore.framework; sourceTree = SDKROOT; };
		150D4D851F95B0720058FB83 /* PYSelectorScrollView.h */ = {isa = PBXFileReference; lastKnownFileType = sourcecode.c.h; path = PYSelectorScrollView.h; sourceTree = "<group>"; };
		150D4D861F95B0720058FB83 /* PYSelectorScrollView.m */ = {isa = PBXFileReference; lastKnownFileType = sourcecode.c.objc; path = PYSelectorScrollView.m; sourceTree = "<group>"; };
		150EC3D92061FFDE00F5AA6B /* WebKit.framework */ = {isa = PBXFileReference; lastKnownFileType = wrapper.framework; name = WebKit.framework; path = System/Library/Frameworks/WebKit.framework; sourceTree = SDKROOT; };
		150EC3DB2061FFE800F5AA6B /* Foundation.framework */ = {isa = PBXFileReference; lastKnownFileType = wrapper.framework; name = Foundation.framework; path = System/Library/Frameworks/Foundation.framework; sourceTree = SDKROOT; };
		151A29772171A31D0053E432 /* UIView+Notify.h */ = {isa = PBXFileReference; fileEncoding = 4; lastKnownFileType = sourcecode.c.h; path = "UIView+Notify.h"; sourceTree = "<group>"; };
		151A29782171A31D0053E432 /* PYInterflowParams.h */ = {isa = PBXFileReference; fileEncoding = 4; lastKnownFileType = sourcecode.c.h; path = PYInterflowParams.h; sourceTree = "<group>"; };
		151A29792171A31D0053E432 /* UIView+Toast.h */ = {isa = PBXFileReference; fileEncoding = 4; lastKnownFileType = sourcecode.c.h; path = "UIView+Toast.h"; sourceTree = "<group>"; };
		151AA85520A1750600B58AB9 /* PYSliderDoubleView.h */ = {isa = PBXFileReference; lastKnownFileType = sourcecode.c.h; path = PYSliderDoubleView.h; sourceTree = "<group>"; };
		151AA85620A1750600B58AB9 /* PYSliderDoubleView.m */ = {isa = PBXFileReference; lastKnownFileType = sourcecode.c.objc; path = PYSliderDoubleView.m; sourceTree = "<group>"; };
		152289F11F4E6C9000E02321 /* timg.jpeg */ = {isa = PBXFileReference; lastKnownFileType = image.jpeg; path = timg.jpeg; sourceTree = "<group>"; };
		1522C7BC1F18A1BC003CB0D0 /* PYTextInputCheckParams.h */ = {isa = PBXFileReference; fileEncoding = 4; lastKnownFileType = sourcecode.c.h; path = PYTextInputCheckParams.h; sourceTree = "<group>"; };
		1522C7BD1F18A1BC003CB0D0 /* PYTextInputCheckParams.m */ = {isa = PBXFileReference; fileEncoding = 4; lastKnownFileType = sourcecode.c.objc; path = PYTextInputCheckParams.m; sourceTree = "<group>"; };
		152AAAA61FFB6EFD00370DF8 /* PYTestSelectorController.h */ = {isa = PBXFileReference; lastKnownFileType = sourcecode.c.h; path = PYTestSelectorController.h; sourceTree = "<group>"; };
		152AAAA71FFB6EFD00370DF8 /* PYTestSelectorController.m */ = {isa = PBXFileReference; lastKnownFileType = sourcecode.c.objc; path = PYTestSelectorController.m; sourceTree = "<group>"; };
		152C31921F0DD6EC006FD18C /* PYAudioRecord.h */ = {isa = PBXFileReference; fileEncoding = 4; lastKnownFileType = sourcecode.c.h; path = PYAudioRecord.h; sourceTree = "<group>"; };
		152C31931F0DD6EC006FD18C /* PYAudioRecord.m */ = {isa = PBXFileReference; fileEncoding = 4; lastKnownFileType = sourcecode.c.objc; path = PYAudioRecord.m; sourceTree = "<group>"; };
		152C31961F0DE198006FD18C /* PYAudio.h */ = {isa = PBXFileReference; fileEncoding = 4; lastKnownFileType = sourcecode.c.h; path = PYAudio.h; sourceTree = "<group>"; };
		152C319D1F0DEE4F006FD18C /* libmp3lame.dylib */ = {isa = PBXFileReference; lastKnownFileType = "compiled.mach-o.dylib"; path = libmp3lame.dylib; sourceTree = "<group>"; };
		15417B321EADCF4B009C894F /* NSDate+Lunar.h */ = {isa = PBXFileReference; fileEncoding = 4; lastKnownFileType = sourcecode.c.h; path = "NSDate+Lunar.h"; sourceTree = "<group>"; };
		15417B331EADCF4B009C894F /* NSDate+Lunar.m */ = {isa = PBXFileReference; fileEncoding = 4; lastKnownFileType = sourcecode.c.objc; path = "NSDate+Lunar.m"; sourceTree = "<group>"; };
		15417B341EADCF4B009C894F /* PYCalendarHeadView.h */ = {isa = PBXFileReference; fileEncoding = 4; lastKnownFileType = sourcecode.c.h; path = PYCalendarHeadView.h; sourceTree = "<group>"; };
		15417B351EADCF4B009C894F /* PYCalendarHeadView.m */ = {isa = PBXFileReference; fileEncoding = 4; lastKnownFileType = sourcecode.c.objc; path = PYCalendarHeadView.m; sourceTree = "<group>"; };
		15417B361EADCF4B009C894F /* PYCalendarParam.h */ = {isa = PBXFileReference; fileEncoding = 4; lastKnownFileType = sourcecode.c.h; path = PYCalendarParam.h; sourceTree = "<group>"; };
		15417B371EADCF4B009C894F /* PYCalendarParam.m */ = {isa = PBXFileReference; fileEncoding = 4; lastKnownFileType = sourcecode.c.objc; path = PYCalendarParam.m; sourceTree = "<group>"; };
		15417B381EADCF4B009C894F /* PYCalendarTimeView.h */ = {isa = PBXFileReference; fileEncoding = 4; lastKnownFileType = sourcecode.c.h; path = PYCalendarTimeView.h; sourceTree = "<group>"; };
		15417B391EADCF4B009C894F /* PYCalendarTimeView.m */ = {isa = PBXFileReference; fileEncoding = 4; lastKnownFileType = sourcecode.c.objc; path = PYCalendarTimeView.m; sourceTree = "<group>"; };
		15417B3A1EADCF4B009C894F /* PYCalendarView.h */ = {isa = PBXFileReference; fileEncoding = 4; lastKnownFileType = sourcecode.c.h; path = PYCalendarView.h; sourceTree = "<group>"; };
		15417B3B1EADCF4B009C894F /* PYCalendarView.m */ = {isa = PBXFileReference; fileEncoding = 4; lastKnownFileType = sourcecode.c.objc; path = PYCalendarView.m; sourceTree = "<group>"; };
		15417B3C1EADCF4B009C894F /* PYCalenderDrawView.h */ = {isa = PBXFileReference; fileEncoding = 4; lastKnownFileType = sourcecode.c.h; path = PYCalenderDrawView.h; sourceTree = "<group>"; };
		15417B3D1EADCF4B009C894F /* PYCalenderDrawView.m */ = {isa = PBXFileReference; fileEncoding = 4; lastKnownFileType = sourcecode.c.objc; path = PYCalenderDrawView.m; sourceTree = "<group>"; };
		154E5BDA20AD3B3A00C4E5C0 /* PYTestSliderController.h */ = {isa = PBXFileReference; lastKnownFileType = sourcecode.c.h; path = PYTestSliderController.h; sourceTree = "<group>"; };
		154E5BDB20AD3B3A00C4E5C0 /* PYTestSliderController.m */ = {isa = PBXFileReference; lastKnownFileType = sourcecode.c.objc; path = PYTestSliderController.m; sourceTree = "<group>"; };
		154E5BDD20AD3C5000C4E5C0 /* PYSliderSingleView.h */ = {isa = PBXFileReference; lastKnownFileType = sourcecode.c.h; path = PYSliderSingleView.h; sourceTree = "<group>"; };
		154E5BDE20AD3C5000C4E5C0 /* PYSliderSingleView.m */ = {isa = PBXFileReference; lastKnownFileType = sourcecode.c.objc; path = PYSliderSingleView.m; sourceTree = "<group>"; };
		154E5BE020AD3CD900C4E5C0 /* PYSliderParams.h */ = {isa = PBXFileReference; lastKnownFileType = sourcecode.c.h; path = PYSliderParams.h; sourceTree = "<group>"; };
		154E5BE120AD3CD900C4E5C0 /* PYSliderParams.m */ = {isa = PBXFileReference; lastKnownFileType = sourcecode.c.objc; path = PYSliderParams.m; sourceTree = "<group>"; };
		1555E0C81F5CF1C10017B436 /* UITextField+PYCheck.h */ = {isa = PBXFileReference; fileEncoding = 4; lastKnownFileType = sourcecode.c.h; path = "UITextField+PYCheck.h"; sourceTree = "<group>"; };
		1555E0C91F5CF1C10017B436 /* UITextField+PYCheck.m */ = {isa = PBXFileReference; fileEncoding = 4; lastKnownFileType = sourcecode.c.objc; path = "UITextField+PYCheck.m"; sourceTree = "<group>"; };
		155B586A1F5E49670070ECEE /* PYDisplayImageTools.h */ = {isa = PBXFileReference; fileEncoding = 4; lastKnownFileType = sourcecode.c.h; path = PYDisplayImageTools.h; sourceTree = "<group>"; };
		155B586B1F5E49670070ECEE /* PYDisplayImageTools.m */ = {isa = PBXFileReference; fileEncoding = 4; lastKnownFileType = sourcecode.c.objc; path = PYDisplayImageTools.m; sourceTree = "<group>"; };
		155D77CC206F9E6B00B2CDDB /* libpyinterflowa.a */ = {isa = PBXFileReference; lastKnownFileType = archive.ar; path = libpyinterflowa.a; sourceTree = "<group>"; };
		155D77CE206F9E6B00B2CDDB /* pyinterflowa.h */ = {isa = PBXFileReference; fileEncoding = 4; lastKnownFileType = sourcecode.c.h; path = pyinterflowa.h; sourceTree = "<group>"; };
		155D77CF206F9E6B00B2CDDB /* PYMoveView.h */ = {isa = PBXFileReference; fileEncoding = 4; lastKnownFileType = sourcecode.c.h; path = PYMoveView.h; sourceTree = "<group>"; };
		155D77D1206F9E6B00B2CDDB /* UIView+Dialog.h */ = {isa = PBXFileReference; fileEncoding = 4; lastKnownFileType = sourcecode.c.h; path = "UIView+Dialog.h"; sourceTree = "<group>"; };
		155D77D2206F9E6B00B2CDDB /* UIView+Popup.h */ = {isa = PBXFileReference; fileEncoding = 4; lastKnownFileType = sourcecode.c.h; path = "UIView+Popup.h"; sourceTree = "<group>"; };
		155D77D3206F9E6B00B2CDDB /* UIView+Sheet.h */ = {isa = PBXFileReference; fileEncoding = 4; lastKnownFileType = sourcecode.c.h; path = "UIView+Sheet.h"; sourceTree = "<group>"; };
		155D77D6206F9E6B00B2CDDB /* libpynetworka.a */ = {isa = PBXFileReference; lastKnownFileType = archive.ar; path = libpynetworka.a; sourceTree = "<group>"; };
		155D77D8206F9E6B00B2CDDB /* PYNetDownload.h */ = {isa = PBXFileReference; fileEncoding = 4; lastKnownFileType = sourcecode.c.h; path = PYNetDownload.h; sourceTree = "<group>"; };
		155D77D9206F9E6B00B2CDDB /* PYNetNormal.h */ = {isa = PBXFileReference; fileEncoding = 4; lastKnownFileType = sourcecode.c.h; path = PYNetNormal.h; sourceTree = "<group>"; };
		155D77DA206F9E6B00B2CDDB /* PYNetUpload.h */ = {isa = PBXFileReference; fileEncoding = 4; lastKnownFileType = sourcecode.c.h; path = PYNetUpload.h; sourceTree = "<group>"; };
		155D77DB206F9E6B00B2CDDB /* PYNetwork.h */ = {isa = PBXFileReference; fileEncoding = 4; lastKnownFileType = sourcecode.c.h; path = PYNetwork.h; sourceTree = "<group>"; };
		155D77DC206F9E6B00B2CDDB /* pynetworka.h */ = {isa = PBXFileReference; fileEncoding = 4; lastKnownFileType = sourcecode.c.h; path = pynetworka.h; sourceTree = "<group>"; };
		155D77DE206F9E6B00B2CDDB /* libpyutilea.a */ = {isa = PBXFileReference; lastKnownFileType = archive.ar; path = libpyutilea.a; sourceTree = "<group>"; };
		155D77E0206F9E6B00B2CDDB /* EXTScope.h */ = {isa = PBXFileReference; fileEncoding = 4; lastKnownFileType = sourcecode.c.h; path = EXTScope.h; sourceTree = "<group>"; };
		155D77E1206F9E6B00B2CDDB /* metamacros.h */ = {isa = PBXFileReference; fileEncoding = 4; lastKnownFileType = sourcecode.c.h; path = metamacros.h; sourceTree = "<group>"; };
		155D77E2206F9E6B00B2CDDB /* NSArray+Expand.h */ = {isa = PBXFileReference; fileEncoding = 4; lastKnownFileType = sourcecode.c.h; path = "NSArray+Expand.h"; sourceTree = "<group>"; };
		155D77E3206F9E6B00B2CDDB /* NSData+Expand.h */ = {isa = PBXFileReference; fileEncoding = 4; lastKnownFileType = sourcecode.c.h; path = "NSData+Expand.h"; sourceTree = "<group>"; };
		155D77E4206F9E6B00B2CDDB /* NSDate+Expand.h */ = {isa = PBXFileReference; fileEncoding = 4; lastKnownFileType = sourcecode.c.h; path = "NSDate+Expand.h"; sourceTree = "<group>"; };
		155D77E5206F9E6B00B2CDDB /* NSDictionary+Expand.h */ = {isa = PBXFileReference; fileEncoding = 4; lastKnownFileType = sourcecode.c.h; path = "NSDictionary+Expand.h"; sourceTree = "<group>"; };
		155D77E6206F9E6B00B2CDDB /* NSNumber+Expand.h */ = {isa = PBXFileReference; fileEncoding = 4; lastKnownFileType = sourcecode.c.h; path = "NSNumber+Expand.h"; sourceTree = "<group>"; };
		155D77E7206F9E6B00B2CDDB /* NSObject+Expand.h */ = {isa = PBXFileReference; fileEncoding = 4; lastKnownFileType = sourcecode.c.h; path = "NSObject+Expand.h"; sourceTree = "<group>"; };
		155D77E8206F9E6C00B2CDDB /* NSString+Expand.h */ = {isa = PBXFileReference; fileEncoding = 4; lastKnownFileType = sourcecode.c.h; path = "NSString+Expand.h"; sourceTree = "<group>"; };
		155D77E9206F9E6C00B2CDDB /* PYGraphicsDraw.h */ = {isa = PBXFileReference; fileEncoding = 4; lastKnownFileType = sourcecode.c.h; path = PYGraphicsDraw.h; sourceTree = "<group>"; };
		155D77EA206F9E6C00B2CDDB /* PYGraphicsThumb.h */ = {isa = PBXFileReference; fileEncoding = 4; lastKnownFileType = sourcecode.c.h; path = PYGraphicsThumb.h; sourceTree = "<group>"; };
		155D77EB206F9E6C00B2CDDB /* PYHook.h */ = {isa = PBXFileReference; fileEncoding = 4; lastKnownFileType = sourcecode.c.h; path = PYHook.h; sourceTree = "<group>"; };
		155D77EC206F9E6C00B2CDDB /* PYInvoke.h */ = {isa = PBXFileReference; fileEncoding = 4; lastKnownFileType = sourcecode.c.h; path = PYInvoke.h; sourceTree = "<group>"; };
		155D77ED206F9E6C00B2CDDB /* PYKeyboardNotification.h */ = {isa = PBXFileReference; fileEncoding = 4; lastKnownFileType = sourcecode.c.h; path = PYKeyboardNotification.h; sourceTree = "<group>"; };
		155D77EE206F9E6C00B2CDDB /* PYMotionNotification.h */ = {isa = PBXFileReference; fileEncoding = 4; lastKnownFileType = sourcecode.c.h; path = PYMotionNotification.h; sourceTree = "<group>"; };
		155D77EF206F9E6C00B2CDDB /* PYOrientationNotification.h */ = {isa = PBXFileReference; fileEncoding = 4; lastKnownFileType = sourcecode.c.h; path = PYOrientationNotification.h; sourceTree = "<group>"; };
		155D77F2206F9E6C00B2CDDB /* PYUncaughtExceptionHandler.h */ = {isa = PBXFileReference; fileEncoding = 4; lastKnownFileType = sourcecode.c.h; path = PYUncaughtExceptionHandler.h; sourceTree = "<group>"; };
		155D77F3206F9E6C00B2CDDB /* PYUtile.h */ = {isa = PBXFileReference; fileEncoding = 4; lastKnownFileType = sourcecode.c.h; path = PYUtile.h; sourceTree = "<group>"; };
		155D77F4206F9E6C00B2CDDB /* pyutilea.h */ = {isa = PBXFileReference; fileEncoding = 4; lastKnownFileType = sourcecode.c.h; path = pyutilea.h; sourceTree = "<group>"; };
		155D77F5206F9E6C00B2CDDB /* PYViewAutolayoutCenter.h */ = {isa = PBXFileReference; fileEncoding = 4; lastKnownFileType = sourcecode.c.h; path = PYViewAutolayoutCenter.h; sourceTree = "<group>"; };
		155D77F6206F9E6C00B2CDDB /* PYXml.h */ = {isa = PBXFileReference; fileEncoding = 4; lastKnownFileType = sourcecode.c.h; path = PYXml.h; sourceTree = "<group>"; };
		155D77F7206F9E6C00B2CDDB /* UIColor+Expand.h */ = {isa = PBXFileReference; fileEncoding = 4; lastKnownFileType = sourcecode.c.h; path = "UIColor+Expand.h"; sourceTree = "<group>"; };
		155D77F8206F9E6C00B2CDDB /* UIImage+Expand.h */ = {isa = PBXFileReference; fileEncoding = 4; lastKnownFileType = sourcecode.c.h; path = "UIImage+Expand.h"; sourceTree = "<group>"; };
		155D77F9206F9E6C00B2CDDB /* UILable+Expand.h */ = {isa = PBXFileReference; fileEncoding = 4; lastKnownFileType = sourcecode.c.h; path = "UILable+Expand.h"; sourceTree = "<group>"; };
		155D77FA206F9E6C00B2CDDB /* UIResponder+Hook.h */ = {isa = PBXFileReference; fileEncoding = 4; lastKnownFileType = sourcecode.c.h; path = "UIResponder+Hook.h"; sourceTree = "<group>"; };
		155D77FB206F9E6C00B2CDDB /* UIView+Expand.h */ = {isa = PBXFileReference; fileEncoding = 4; lastKnownFileType = sourcecode.c.h; path = "UIView+Expand.h"; sourceTree = "<group>"; };
		155D77FC206F9E6C00B2CDDB /* UIView+Hook.h */ = {isa = PBXFileReference; fileEncoding = 4; lastKnownFileType = sourcecode.c.h; path = "UIView+Hook.h"; sourceTree = "<group>"; };
		155D77FD206F9E6C00B2CDDB /* UIViewController+Hook.h */ = {isa = PBXFileReference; fileEncoding = 4; lastKnownFileType = sourcecode.c.h; path = "UIViewController+Hook.h"; sourceTree = "<group>"; };
		155D77FE206F9E6C00B2CDDB /* UIViewController+HookOrientation.h */ = {isa = PBXFileReference; fileEncoding = 4; lastKnownFileType = sourcecode.c.h; path = "UIViewController+HookOrientation.h"; sourceTree = "<group>"; };
		155D77FF206F9E6C00B2CDDB /* UIViewController+HookView.h */ = {isa = PBXFileReference; fileEncoding = 4; lastKnownFileType = sourcecode.c.h; path = "UIViewController+HookView.h"; sourceTree = "<group>"; };
		15611F261F0B7DE900CD8848 /* AVFoundation.framework */ = {isa = PBXFileReference; lastKnownFileType = wrapper.framework; name = AVFoundation.framework; path = System/Library/Frameworks/AVFoundation.framework; sourceTree = SDKROOT; };
		1589DCBF204D160000D78784 /* PYTestImageController.h */ = {isa = PBXFileReference; lastKnownFileType = sourcecode.c.h; path = PYTestImageController.h; sourceTree = "<group>"; };
		1589DCC0204D160000D78784 /* PYTestImageController.m */ = {isa = PBXFileReference; lastKnownFileType = sourcecode.c.objc; path = PYTestImageController.m; sourceTree = "<group>"; };
		1597CB081F5D42AE00690BBB /* PYDisplayImageView.h */ = {isa = PBXFileReference; fileEncoding = 4; lastKnownFileType = sourcecode.c.h; path = PYDisplayImageView.h; sourceTree = "<group>"; };
		1597CB091F5D42AE00690BBB /* PYDisplayImageView.m */ = {isa = PBXFileReference; fileEncoding = 4; lastKnownFileType = sourcecode.c.objc; path = PYDisplayImageView.m; sourceTree = "<group>"; };
		1598847F1F6B99FE00E589D3 /* icon.png */ = {isa = PBXFileReference; lastKnownFileType = image.png; path = icon.png; sourceTree = "<group>"; };
		159C3A801F555B9800167B3E /* 1.jpg */ = {isa = PBXFileReference; lastKnownFileType = image.jpeg; path = 1.jpg; sourceTree = "<group>"; };
		159C3A841F56AF6900167B3E /* py_webview_hybird.js */ = {isa = PBXFileReference; fileEncoding = 4; lastKnownFileType = sourcecode.javascript; path = py_webview_hybird.js; sourceTree = "<group>"; };
		15BD959520BC048100A5811A /* PYTestCheckController.h */ = {isa = PBXFileReference; lastKnownFileType = sourcecode.c.h; path = PYTestCheckController.h; sourceTree = "<group>"; };
		15BD959620BC048100A5811A /* PYTestCheckController.m */ = {isa = PBXFileReference; lastKnownFileType = sourcecode.c.objc; path = PYTestCheckController.m; sourceTree = "<group>"; };
		15C376111FC283600076EFA6 /* PY3DOrthogonView.h */ = {isa = PBXFileReference; lastKnownFileType = sourcecode.c.h; path = PY3DOrthogonView.h; sourceTree = "<group>"; };
		15C376121FC283600076EFA6 /* PY3DOrthogonView.m */ = {isa = PBXFileReference; lastKnownFileType = sourcecode.c.objc; path = PY3DOrthogonView.m; sourceTree = "<group>"; };
		15C376141FC2D7110076EFA6 /* PY3DParams.h */ = {isa = PBXFileReference; lastKnownFileType = sourcecode.c.h; path = PY3DParams.h; sourceTree = "<group>"; };
		15C376151FC2D7110076EFA6 /* PY3DParams.m */ = {isa = PBXFileReference; lastKnownFileType = sourcecode.c.objc; path = PY3DParams.m; sourceTree = "<group>"; };
		15C376171FC2D7CD0076EFA6 /* PY3DView.h */ = {isa = PBXFileReference; lastKnownFileType = sourcecode.c.h; path = PY3DView.h; sourceTree = "<group>"; };
		15C376181FC2D7CD0076EFA6 /* PY3DView.m */ = {isa = PBXFileReference; lastKnownFileType = sourcecode.c.objc; path = PY3DView.m; sourceTree = "<group>"; };
		15CC07DE1EA7556C0006B505 /* PYKit.app */ = {isa = PBXFileReference; explicitFileType = wrapper.application; includeInIndex = 0; path = PYKit.app; sourceTree = BUILT_PRODUCTS_DIR; };
		15CC07E21EA7556C0006B505 /* main.m */ = {isa = PBXFileReference; lastKnownFileType = sourcecode.c.objc; path = main.m; sourceTree = "<group>"; };
		15CC07E41EA7556C0006B505 /* AppDelegate.h */ = {isa = PBXFileReference; lastKnownFileType = sourcecode.c.h; path = AppDelegate.h; sourceTree = "<group>"; };
		15CC07E51EA7556C0006B505 /* AppDelegate.m */ = {isa = PBXFileReference; lastKnownFileType = sourcecode.c.objc; path = AppDelegate.m; sourceTree = "<group>"; };
		15CC07E71EA7556C0006B505 /* ViewController.h */ = {isa = PBXFileReference; lastKnownFileType = sourcecode.c.h; path = ViewController.h; sourceTree = "<group>"; };
		15CC07E81EA7556C0006B505 /* ViewController.m */ = {isa = PBXFileReference; lastKnownFileType = sourcecode.c.objc; path = ViewController.m; sourceTree = "<group>"; };
		15CC07EB1EA7556C0006B505 /* Base */ = {isa = PBXFileReference; lastKnownFileType = file.storyboard; name = Base; path = Base.lproj/Main.storyboard; sourceTree = "<group>"; };
		15CC07ED1EA7556C0006B505 /* Assets.xcassets */ = {isa = PBXFileReference; lastKnownFileType = folder.assetcatalog; path = Assets.xcassets; sourceTree = "<group>"; };
		15CC07F01EA7556C0006B505 /* Base */ = {isa = PBXFileReference; lastKnownFileType = file.storyboard; name = Base; path = Base.lproj/LaunchScreen.storyboard; sourceTree = "<group>"; };
		15CC07F21EA7556C0006B505 /* Info.plist */ = {isa = PBXFileReference; lastKnownFileType = text.plist.xml; path = Info.plist; sourceTree = "<group>"; };
		15CC07FB1EA756120006B505 /* PYAsyImageView.h */ = {isa = PBXFileReference; fileEncoding = 4; lastKnownFileType = sourcecode.c.h; path = PYAsyImageView.h; sourceTree = "<group>"; };
		15CC07FC1EA756120006B505 /* PYAsyImageView.m */ = {isa = PBXFileReference; fileEncoding = 4; lastKnownFileType = sourcecode.c.objc; path = PYAsyImageView.m; sourceTree = "<group>"; };
		15CC08431EA757050006B505 /* PYDatePikerView.m */ = {isa = PBXFileReference; fileEncoding = 4; lastKnownFileType = sourcecode.c.objc; path = PYDatePikerView.m; sourceTree = "<group>"; };
		15CC08441EA757050006B505 /* PYCalendarGraphics.h */ = {isa = PBXFileReference; fileEncoding = 4; lastKnownFileType = sourcecode.c.h; path = PYCalendarGraphics.h; sourceTree = "<group>"; };
		15CC08451EA757050006B505 /* PYCalendarGraphics.m */ = {isa = PBXFileReference; fileEncoding = 4; lastKnownFileType = sourcecode.c.objc; path = PYCalendarGraphics.m; sourceTree = "<group>"; };
		15CC08461EA757050006B505 /* PYCalendarLocation.m */ = {isa = PBXFileReference; fileEncoding = 4; lastKnownFileType = sourcecode.c.objc; path = PYCalendarLocation.m; sourceTree = "<group>"; };
		15CC08471EA757050006B505 /* PYCalendarLunar.h */ = {isa = PBXFileReference; fileEncoding = 4; lastKnownFileType = sourcecode.c.h; path = PYCalendarLunar.h; sourceTree = "<group>"; };
		15CC08481EA757050006B505 /* PYCalendarLunar.m */ = {isa = PBXFileReference; fileEncoding = 4; lastKnownFileType = sourcecode.c.objc; path = PYCalendarLunar.m; sourceTree = "<group>"; };
		15CC08491EA757050006B505 /* PYCalendarLocation.h */ = {isa = PBXFileReference; fileEncoding = 4; lastKnownFileType = sourcecode.c.h; path = PYCalendarLocation.h; sourceTree = "<group>"; };
		15CC084A1EA757050006B505 /* calendar_lunar.c */ = {isa = PBXFileReference; fileEncoding = 4; lastKnownFileType = sourcecode.c.c; path = calendar_lunar.c; sourceTree = "<group>"; };
		15CC084B1EA757050006B505 /* calendar_lunar.h */ = {isa = PBXFileReference; fileEncoding = 4; lastKnownFileType = sourcecode.c.h; path = calendar_lunar.h; sourceTree = "<group>"; };
		15CC084C1EA757050006B505 /* PYDatePikerView.h */ = {isa = PBXFileReference; fileEncoding = 4; lastKnownFileType = sourcecode.c.h; path = PYDatePikerView.h; sourceTree = "<group>"; };
		15CC08601EA757A60006B505 /* libpykita.a */ = {isa = PBXFileReference; explicitFileType = archive.ar; includeInIndex = 0; path = libpykita.a; sourceTree = BUILT_PRODUCTS_DIR; };
		15CC08621EA757A60006B505 /* pykita.h */ = {isa = PBXFileReference; lastKnownFileType = sourcecode.c.h; path = pykita.h; sourceTree = "<group>"; };
		15CC08791EA7595A0006B505 /* PYKit.bundle */ = {isa = PBXFileReference; lastKnownFileType = "wrapper.plug-in"; path = PYKit.bundle; sourceTree = "<group>"; };
		15D9F3291F0F2510002276A9 /* PYAudioTools.m */ = {isa = PBXFileReference; fileEncoding = 4; lastKnownFileType = sourcecode.c.objc; path = PYAudioTools.m; sourceTree = "<group>"; };
		15D9F32A1F0F2510002276A9 /* PYAudioPlayer.m */ = {isa = PBXFileReference; fileEncoding = 4; lastKnownFileType = sourcecode.c.objc; path = PYAudioPlayer.m; sourceTree = "<group>"; };
		15D9F32B1F0F2510002276A9 /* PYAudioPlayer.h */ = {isa = PBXFileReference; fileEncoding = 4; lastKnownFileType = sourcecode.c.h; path = PYAudioPlayer.h; sourceTree = "<group>"; };
		15D9F32C1F0F2510002276A9 /* PYAudioTools.h */ = {isa = PBXFileReference; fileEncoding = 4; lastKnownFileType = sourcecode.c.h; path = PYAudioTools.h; sourceTree = "<group>"; };
		15DA7DAF1F09E899002FE132 /* TextFieldCheckController.h */ = {isa = PBXFileReference; fileEncoding = 4; lastKnownFileType = sourcecode.c.h; path = TextFieldCheckController.h; sourceTree = "<group>"; };
		15DA7DB01F09E899002FE132 /* TextFieldCheckController.m */ = {isa = PBXFileReference; fileEncoding = 4; lastKnownFileType = sourcecode.c.objc; path = TextFieldCheckController.m; sourceTree = "<group>"; };
		15DA7DB11F09E899002FE132 /* TextFieldCheckController.xib */ = {isa = PBXFileReference; fileEncoding = 4; lastKnownFileType = file.xib; path = TextFieldCheckController.xib; sourceTree = "<group>"; };
		15DB8C95210C120E00AA2CF9 /* PYMapView.h */ = {isa = PBXFileReference; fileEncoding = 4; lastKnownFileType = sourcecode.c.h; path = PYMapView.h; sourceTree = "<group>"; };
		15DB8C96210C120E00AA2CF9 /* PYMapView.m */ = {isa = PBXFileReference; fileEncoding = 4; lastKnownFileType = sourcecode.c.objc; path = PYMapView.m; sourceTree = "<group>"; };
		15DB8C99210C122700AA2CF9 /* PYAnnotation.h */ = {isa = PBXFileReference; fileEncoding = 4; lastKnownFileType = sourcecode.c.h; path = PYAnnotation.h; sourceTree = "<group>"; };
		15DB8C9A210C122700AA2CF9 /* PYAnnotation.m */ = {isa = PBXFileReference; fileEncoding = 4; lastKnownFileType = sourcecode.c.objc; path = PYAnnotation.m; sourceTree = "<group>"; };
		15DB8C9B210C122700AA2CF9 /* PYMapView+Annotaions.h */ = {isa = PBXFileReference; fileEncoding = 4; lastKnownFileType = sourcecode.c.h; path = "PYMapView+Annotaions.h"; sourceTree = "<group>"; };
		15DB8C9C210C122700AA2CF9 /* PYMapView+Annotaions.m */ = {isa = PBXFileReference; fileEncoding = 4; lastKnownFileType = sourcecode.c.objc; path = "PYMapView+Annotaions.m"; sourceTree = "<group>"; };
		15DB8C9D210C122700AA2CF9 /* PYMapView+Region.h */ = {isa = PBXFileReference; fileEncoding = 4; lastKnownFileType = sourcecode.c.h; path = "PYMapView+Region.h"; sourceTree = "<group>"; };
		15DB8C9E210C122700AA2CF9 /* PYMapView+Region.m */ = {isa = PBXFileReference; fileEncoding = 4; lastKnownFileType = sourcecode.c.objc; path = "PYMapView+Region.m"; sourceTree = "<group>"; };
		15DB8C9F210C122700AA2CF9 /* PYMapView+UserLocation.h */ = {isa = PBXFileReference; fileEncoding = 4; lastKnownFileType = sourcecode.c.h; path = "PYMapView+UserLocation.h"; sourceTree = "<group>"; };
		15DB8CA0210C122700AA2CF9 /* PYMapView+UserLocation.m */ = {isa = PBXFileReference; fileEncoding = 4; lastKnownFileType = sourcecode.c.objc; path = "PYMapView+UserLocation.m"; sourceTree = "<group>"; };
		15DB8CA1210C122700AA2CF9 /* PYUserLocationView.h */ = {isa = PBXFileReference; fileEncoding = 4; lastKnownFileType = sourcecode.c.h; path = PYUserLocationView.h; sourceTree = "<group>"; };
		15DB8CA2210C122700AA2CF9 /* PYUserLocationView.m */ = {isa = PBXFileReference; fileEncoding = 4; lastKnownFileType = sourcecode.c.objc; path = PYUserLocationView.m; sourceTree = "<group>"; };
		15DB8CB1210C12F300AA2CF9 /* PYTestMapController.h */ = {isa = PBXFileReference; lastKnownFileType = sourcecode.c.h; path = PYTestMapController.h; sourceTree = "<group>"; };
		15DB8CB2210C12F300AA2CF9 /* PYTestMapController.m */ = {isa = PBXFileReference; lastKnownFileType = sourcecode.c.objc; path = PYTestMapController.m; sourceTree = "<group>"; };
		15DFCAE5200C7DA300DA4C0F /* lame.h */ = {isa = PBXFileReference; fileEncoding = 4; lastKnownFileType = sourcecode.c.h; path = lame.h; sourceTree = "<group>"; };
		15DFCAE6200C7DA300DA4C0F /* libmp3lame.a */ = {isa = PBXFileReference; lastKnownFileType = archive.ar; path = libmp3lame.a; sourceTree = "<group>"; };
		15E2335B1F6FB8EA00C87D9D /* SelecteBarController.h */ = {isa = PBXFileReference; fileEncoding = 4; lastKnownFileType = sourcecode.c.h; path = SelecteBarController.h; sourceTree = "<group>"; };
		15E2335C1F6FB8EA00C87D9D /* SelecteBarController.m */ = {isa = PBXFileReference; fileEncoding = 4; lastKnownFileType = sourcecode.c.objc; path = SelecteBarController.m; sourceTree = "<group>"; };
		15EC57492062034600C37942 /* PYWebView.m */ = {isa = PBXFileReference; fileEncoding = 4; lastKnownFileType = sourcecode.c.objc; path = PYWebView.m; sourceTree = "<group>"; };
		15EC574A2062034600C37942 /* PYWebView.h */ = {isa = PBXFileReference; fileEncoding = 4; lastKnownFileType = sourcecode.c.h; path = PYWebView.h; sourceTree = "<group>"; };
		15EEF846202019380092620A /* PYTestCalendarController.h */ = {isa = PBXFileReference; lastKnownFileType = sourcecode.c.h; path = PYTestCalendarController.h; sourceTree = "<group>"; };
		15EEF847202019380092620A /* PYTestCalendarController.m */ = {isa = PBXFileReference; lastKnownFileType = sourcecode.c.objc; path = PYTestCalendarController.m; sourceTree = "<group>"; };
/* End PBXFileReference section */

/* Begin PBXFrameworksBuildPhase section */
		15CC07DB1EA7556C0006B505 /* Frameworks */ = {
			isa = PBXFrameworksBuildPhase;
			buildActionMask = 2147483647;
			files = (
				150C6EED1F4AC7D400731FC7 /* JavaScriptCore.framework in Frameworks */,
				155D780A206F9E6C00B2CDDB /* libpyutilea.a in Frameworks */,
				155D7809206F9E6C00B2CDDB /* libpynetworka.a in Frameworks */,
				15DFCAE7200C7DA400DA4C0F /* libmp3lame.a in Frameworks */,
				155D7808206F9E6C00B2CDDB /* libpyinterflowa.a in Frameworks */,
			);
			runOnlyForDeploymentPostprocessing = 0;
		};
		15CC085D1EA757A60006B505 /* Frameworks */ = {
			isa = PBXFrameworksBuildPhase;
			buildActionMask = 2147483647;
			files = (
				150EC3DC2061FFE800F5AA6B /* Foundation.framework in Frameworks */,
				150EC3DA2061FFDE00F5AA6B /* WebKit.framework in Frameworks */,
				150C6EEC1F4AC7C700731FC7 /* JavaScriptCore.framework in Frameworks */,
				15611F271F0B7DE900CD8848 /* AVFoundation.framework in Frameworks */,
			);
			runOnlyForDeploymentPostprocessing = 0;
		};
/* End PBXFrameworksBuildPhase section */

/* Begin PBXGroup section */
		150C6DA51F46D71500731FC7 /* SelectorBar */ = {
			isa = PBXGroup;
			children = (
				150C6DA61F46D74800731FC7 /* PYSelectorBarView.h */,
				150C6DA71F46D74800731FC7 /* PYSelectorBarView.m */,
				150D4D851F95B0720058FB83 /* PYSelectorScrollView.h */,
				150D4D861F95B0720058FB83 /* PYSelectorScrollView.m */,
			);
			path = SelectorBar;
			sourceTree = "<group>";
		};
		150C6E771F49956D00731FC7 /* lib */ = {
			isa = PBXGroup;
			children = (
				155D77CB206F9E6B00B2CDDB /* pyinterflow */,
				155D77D5206F9E6B00B2CDDB /* pynetwork */,
				155D77DD206F9E6B00B2CDDB /* pyutile */,
				15DFCAE4200C7DA300DA4C0F /* libmp3lame */,
			);
			path = lib;
			sourceTree = "<group>";
		};
		150C6EE21F4AC7B200731FC7 /* Hybird */ = {
			isa = PBXGroup;
			children = (
				15EC574A2062034600C37942 /* PYWebView.h */,
				15EC57492062034600C37942 /* PYWebView.m */,
				159C3A841F56AF6900167B3E /* py_webview_hybird.js */,
				150C6EE41F4AC7B200731FC7 /* PYHybirdUtile.h */,
				150C6EE51F4AC7B200731FC7 /* PYHybirdUtile.m */,
			);
			path = Hybird;
			sourceTree = "<group>";
		};
		152AAAA51FFB20FC00370DF8 /* Test */ = {
			isa = PBXGroup;
			children = (
				152AAAA61FFB6EFD00370DF8 /* PYTestSelectorController.h */,
				152AAAA71FFB6EFD00370DF8 /* PYTestSelectorController.m */,
				15EEF846202019380092620A /* PYTestCalendarController.h */,
				15EEF847202019380092620A /* PYTestCalendarController.m */,
				1589DCBF204D160000D78784 /* PYTestImageController.h */,
				1589DCC0204D160000D78784 /* PYTestImageController.m */,
				154E5BDA20AD3B3A00C4E5C0 /* PYTestSliderController.h */,
				154E5BDB20AD3B3A00C4E5C0 /* PYTestSliderController.m */,
				15BD959520BC048100A5811A /* PYTestCheckController.h */,
				15BD959620BC048100A5811A /* PYTestCheckController.m */,
				15DB8CB1210C12F300AA2CF9 /* PYTestMapController.h */,
				15DB8CB2210C12F300AA2CF9 /* PYTestMapController.m */,
			);
			path = Test;
			sourceTree = "<group>";
		};
		152C31911F0DD6A0006FD18C /* AudioRecord */ = {
			isa = PBXGroup;
			children = (
				152C31921F0DD6EC006FD18C /* PYAudioRecord.h */,
				152C31931F0DD6EC006FD18C /* PYAudioRecord.m */,
			);
			name = AudioRecord;
			path = ../AudioRecord;
			sourceTree = "<group>";
		};
		152C31951F0DE17A006FD18C /* AudioPlayer */ = {
			isa = PBXGroup;
			children = (
				152C31911F0DD6A0006FD18C /* AudioRecord */,
				152C31961F0DE198006FD18C /* PYAudio.h */,
				15D9F32C1F0F2510002276A9 /* PYAudioTools.h */,
				15D9F3291F0F2510002276A9 /* PYAudioTools.m */,
				15D9F32B1F0F2510002276A9 /* PYAudioPlayer.h */,
				15D9F32A1F0F2510002276A9 /* PYAudioPlayer.m */,
			);
			path = AudioPlayer;
			sourceTree = "<group>";
		};
		15417B311EADCF4B009C894F /* Calendar */ = {
			isa = PBXGroup;
			children = (
				15417B321EADCF4B009C894F /* NSDate+Lunar.h */,
				15417B331EADCF4B009C894F /* NSDate+Lunar.m */,
				15417B361EADCF4B009C894F /* PYCalendarParam.h */,
				15417B371EADCF4B009C894F /* PYCalendarParam.m */,
				15417B381EADCF4B009C894F /* PYCalendarTimeView.h */,
				15417B391EADCF4B009C894F /* PYCalendarTimeView.m */,
				15417B3A1EADCF4B009C894F /* PYCalendarView.h */,
				15417B3B1EADCF4B009C894F /* PYCalendarView.m */,
				15417B3C1EADCF4B009C894F /* PYCalenderDrawView.h */,
				15417B3D1EADCF4B009C894F /* PYCalenderDrawView.m */,
			);
			path = Calendar;
			sourceTree = "<group>";
		};
		154E5BD820AD39CA00C4E5C0 /* Image */ = {
			isa = PBXGroup;
			children = (
				15CC07FB1EA756120006B505 /* PYAsyImageView.h */,
				15CC07FC1EA756120006B505 /* PYAsyImageView.m */,
				1597CB081F5D42AE00690BBB /* PYDisplayImageView.h */,
				1597CB091F5D42AE00690BBB /* PYDisplayImageView.m */,
			);
			path = Image;
			sourceTree = "<group>";
		};
		154E5BD920AD39DD00C4E5C0 /* Slider */ = {
			isa = PBXGroup;
			children = (
				154E5BE020AD3CD900C4E5C0 /* PYSliderParams.h */,
				154E5BE120AD3CD900C4E5C0 /* PYSliderParams.m */,
				151AA85520A1750600B58AB9 /* PYSliderDoubleView.h */,
				151AA85620A1750600B58AB9 /* PYSliderDoubleView.m */,
				154E5BDD20AD3C5000C4E5C0 /* PYSliderSingleView.h */,
				154E5BDE20AD3C5000C4E5C0 /* PYSliderSingleView.m */,
			);
			path = Slider;
			sourceTree = "<group>";
		};
		155D77CB206F9E6B00B2CDDB /* pyinterflow */ = {
			isa = PBXGroup;
			children = (
				155D77CC206F9E6B00B2CDDB /* libpyinterflowa.a */,
				155D77CD206F9E6B00B2CDDB /* pyinterflowa */,
			);
			path = pyinterflow;
			sourceTree = "<group>";
		};
		155D77CD206F9E6B00B2CDDB /* pyinterflowa */ = {
			isa = PBXGroup;
			children = (
				151A29782171A31D0053E432 /* PYInterflowParams.h */,
				151A29772171A31D0053E432 /* UIView+Notify.h */,
				151A29792171A31D0053E432 /* UIView+Toast.h */,
				155D77CE206F9E6B00B2CDDB /* pyinterflowa.h */,
				155D77CF206F9E6B00B2CDDB /* PYMoveView.h */,
				155D77D1206F9E6B00B2CDDB /* UIView+Dialog.h */,
				155D77D2206F9E6B00B2CDDB /* UIView+Popup.h */,
				155D77D3206F9E6B00B2CDDB /* UIView+Sheet.h */,
			);
			path = pyinterflowa;
			sourceTree = "<group>";
		};
		155D77D5206F9E6B00B2CDDB /* pynetwork */ = {
			isa = PBXGroup;
			children = (
				155D77D6206F9E6B00B2CDDB /* libpynetworka.a */,
				155D77D7206F9E6B00B2CDDB /* pynetworka */,
			);
			path = pynetwork;
			sourceTree = "<group>";
		};
		155D77D7206F9E6B00B2CDDB /* pynetworka */ = {
			isa = PBXGroup;
			children = (
				155D77D8206F9E6B00B2CDDB /* PYNetDownload.h */,
				155D77D9206F9E6B00B2CDDB /* PYNetNormal.h */,
				155D77DA206F9E6B00B2CDDB /* PYNetUpload.h */,
				155D77DB206F9E6B00B2CDDB /* PYNetwork.h */,
				155D77DC206F9E6B00B2CDDB /* pynetworka.h */,
			);
			path = pynetworka;
			sourceTree = "<group>";
		};
		155D77DD206F9E6B00B2CDDB /* pyutile */ = {
			isa = PBXGroup;
			children = (
				155D77DE206F9E6B00B2CDDB /* libpyutilea.a */,
				155D77DF206F9E6B00B2CDDB /* pyutilea */,
			);
			path = pyutile;
			sourceTree = "<group>";
		};
		155D77DF206F9E6B00B2CDDB /* pyutilea */ = {
			isa = PBXGroup;
			children = (
				155D77E0206F9E6B00B2CDDB /* EXTScope.h */,
				155D77E1206F9E6B00B2CDDB /* metamacros.h */,
				155D77E2206F9E6B00B2CDDB /* NSArray+Expand.h */,
				155D77E3206F9E6B00B2CDDB /* NSData+Expand.h */,
				155D77E4206F9E6B00B2CDDB /* NSDate+Expand.h */,
				155D77E5206F9E6B00B2CDDB /* NSDictionary+Expand.h */,
				155D77E6206F9E6B00B2CDDB /* NSNumber+Expand.h */,
				155D77E7206F9E6B00B2CDDB /* NSObject+Expand.h */,
				155D77E8206F9E6C00B2CDDB /* NSString+Expand.h */,
				155D77E9206F9E6C00B2CDDB /* PYGraphicsDraw.h */,
				155D77EA206F9E6C00B2CDDB /* PYGraphicsThumb.h */,
				155D77EB206F9E6C00B2CDDB /* PYHook.h */,
				155D77EC206F9E6C00B2CDDB /* PYInvoke.h */,
				155D77ED206F9E6C00B2CDDB /* PYKeyboardNotification.h */,
				155D77EE206F9E6C00B2CDDB /* PYMotionNotification.h */,
				155D77EF206F9E6C00B2CDDB /* PYOrientationNotification.h */,
				155D77F2206F9E6C00B2CDDB /* PYUncaughtExceptionHandler.h */,
				155D77F3206F9E6C00B2CDDB /* PYUtile.h */,
				155D77F4206F9E6C00B2CDDB /* pyutilea.h */,
				155D77F5206F9E6C00B2CDDB /* PYViewAutolayoutCenter.h */,
				155D77F6206F9E6C00B2CDDB /* PYXml.h */,
				155D77F7206F9E6C00B2CDDB /* UIColor+Expand.h */,
				155D77F8206F9E6C00B2CDDB /* UIImage+Expand.h */,
				155D77F9206F9E6C00B2CDDB /* UILable+Expand.h */,
				155D77FA206F9E6C00B2CDDB /* UIResponder+Hook.h */,
				155D77FB206F9E6C00B2CDDB /* UIView+Expand.h */,
				155D77FC206F9E6C00B2CDDB /* UIView+Hook.h */,
				155D77FD206F9E6C00B2CDDB /* UIViewController+Hook.h */,
				155D77FE206F9E6C00B2CDDB /* UIViewController+HookOrientation.h */,
				155D77FF206F9E6C00B2CDDB /* UIViewController+HookView.h */,
			);
			path = pyutilea;
			sourceTree = "<group>";
		};
		15611F251F0B7DE800CD8848 /* Frameworks */ = {
			isa = PBXGroup;
			children = (
				150EC3DB2061FFE800F5AA6B /* Foundation.framework */,
				150EC3D92061FFDE00F5AA6B /* WebKit.framework */,
				150C6EEB1F4AC7C700731FC7 /* JavaScriptCore.framework */,
				152C319D1F0DEE4F006FD18C /* libmp3lame.dylib */,
				15611F261F0B7DE900CD8848 /* AVFoundation.framework */,
			);
			name = Frameworks;
			sourceTree = "<group>";
		};
		1598847E1F6B99FE00E589D3 /* Images */ = {
			isa = PBXGroup;
			children = (
				1598847F1F6B99FE00E589D3 /* icon.png */,
			);
			path = Images;
			sourceTree = "<group>";
		};
		15BD959020BBB5DE00A5811A /* Dep ing */ = {
			isa = PBXGroup;
			children = (
				15C3760F1FC282C90076EFA6 /* 3DKit */,
			);
			path = "Dep ing";
			sourceTree = "<group>";
		};
		15C3760F1FC282C90076EFA6 /* 3DKit */ = {
			isa = PBXGroup;
			children = (
				15C376141FC2D7110076EFA6 /* PY3DParams.h */,
				15C376151FC2D7110076EFA6 /* PY3DParams.m */,
				15C376171FC2D7CD0076EFA6 /* PY3DView.h */,
				15C376181FC2D7CD0076EFA6 /* PY3DView.m */,
				15C376101FC283340076EFA6 /* Orthogon */,
			);
			path = 3DKit;
			sourceTree = "<group>";
		};
		15C376101FC283340076EFA6 /* Orthogon */ = {
			isa = PBXGroup;
			children = (
				15C376111FC283600076EFA6 /* PY3DOrthogonView.h */,
				15C376121FC283600076EFA6 /* PY3DOrthogonView.m */,
			);
			path = Orthogon;
			sourceTree = "<group>";
		};
		15CC07D51EA7556C0006B505 = {
			isa = PBXGroup;
			children = (
				150C6E771F49956D00731FC7 /* lib */,
				15CC08791EA7595A0006B505 /* PYKit.bundle */,
				15CC07E01EA7556C0006B505 /* PYKit */,
				15CC08611EA757A60006B505 /* pykita */,
				15CC07DF1EA7556C0006B505 /* Products */,
				15611F251F0B7DE800CD8848 /* Frameworks */,
			);
			sourceTree = "<group>";
		};
		15CC07DF1EA7556C0006B505 /* Products */ = {
			isa = PBXGroup;
			children = (
				15CC07DE1EA7556C0006B505 /* PYKit.app */,
				15CC08601EA757A60006B505 /* libpykita.a */,
			);
			name = Products;
			sourceTree = "<group>";
		};
		15CC07E01EA7556C0006B505 /* PYKit */ = {
			isa = PBXGroup;
			children = (
				152AAAA51FFB20FC00370DF8 /* Test */,
				159C3A801F555B9800167B3E /* 1.jpg */,
				152289F11F4E6C9000E02321 /* timg.jpeg */,
				15CC07F81EA756120006B505 /* Source Code */,
				15CC07E41EA7556C0006B505 /* AppDelegate.h */,
				15CC07E51EA7556C0006B505 /* AppDelegate.m */,
				15CC07E71EA7556C0006B505 /* ViewController.h */,
				15CC07E81EA7556C0006B505 /* ViewController.m */,
				15CC07EA1EA7556C0006B505 /* Main.storyboard */,
				15CC07ED1EA7556C0006B505 /* Assets.xcassets */,
				15CC07EF1EA7556C0006B505 /* LaunchScreen.storyboard */,
				15CC07F21EA7556C0006B505 /* Info.plist */,
				15CC07E11EA7556C0006B505 /* Supporting Files */,
				15E2335B1F6FB8EA00C87D9D /* SelecteBarController.h */,
				15E2335C1F6FB8EA00C87D9D /* SelecteBarController.m */,
				15DA7DAF1F09E899002FE132 /* TextFieldCheckController.h */,
				15DA7DB01F09E899002FE132 /* TextFieldCheckController.m */,
				15DA7DB11F09E899002FE132 /* TextFieldCheckController.xib */,
			);
			path = PYKit;
			sourceTree = "<group>";
		};
		15CC07E11EA7556C0006B505 /* Supporting Files */ = {
			isa = PBXGroup;
			children = (
				15CC07E21EA7556C0006B505 /* main.m */,
			);
			name = "Supporting Files";
			sourceTree = "<group>";
		};
		15CC07F81EA756120006B505 /* Source Code */ = {
			isa = PBXGroup;
			children = (
				15BD959020BBB5DE00A5811A /* Dep ing */,
				1598847E1F6B99FE00E589D3 /* Images */,
				15CC07F91EA756120006B505 /* Private */,
				15CC07FA1EA756120006B505 /* Public */,
			);
			path = "Source Code";
			sourceTree = "<group>";
		};
		15CC07F91EA756120006B505 /* Private */ = {
			isa = PBXGroup;
			children = (
				15DB8CAA210C125B00AA2CF9 /* Calendar */,
				15DB8C98210C122700AA2CF9 /* Map */,
				15CC084C1EA757050006B505 /* PYDatePikerView.h */,
				15CC08431EA757050006B505 /* PYDatePikerView.m */,
				1522C7BC1F18A1BC003CB0D0 /* PYTextInputCheckParams.h */,
				1522C7BD1F18A1BC003CB0D0 /* PYTextInputCheckParams.m */,
				155B586A1F5E49670070ECEE /* PYDisplayImageTools.h */,
				155B586B1F5E49670070ECEE /* PYDisplayImageTools.m */,
			);
			path = Private;
			sourceTree = "<group>";
		};
		15CC07FA1EA756120006B505 /* Public */ = {
			isa = PBXGroup;
			children = (
				15DB8C94210C120E00AA2CF9 /* Map */,
				154E5BD920AD39DD00C4E5C0 /* Slider */,
				154E5BD820AD39CA00C4E5C0 /* Image */,
				150C6EE21F4AC7B200731FC7 /* Hybird */,
				150C6DA51F46D71500731FC7 /* SelectorBar */,
				152C31951F0DE17A006FD18C /* AudioPlayer */,
				15417B311EADCF4B009C894F /* Calendar */,
				1555E0C81F5CF1C10017B436 /* UITextField+PYCheck.h */,
				1555E0C91F5CF1C10017B436 /* UITextField+PYCheck.m */,
			);
			path = Public;
			sourceTree = "<group>";
		};
		15CC08611EA757A60006B505 /* pykita */ = {
			isa = PBXGroup;
			children = (
				15CC08621EA757A60006B505 /* pykita.h */,
			);
			path = pykita;
			sourceTree = "<group>";
		};
		15DB8C94210C120E00AA2CF9 /* Map */ = {
			isa = PBXGroup;
			children = (
				15DB8C95210C120E00AA2CF9 /* PYMapView.h */,
				15DB8C96210C120E00AA2CF9 /* PYMapView.m */,
			);
			path = Map;
			sourceTree = "<group>";
		};
		15DB8C98210C122700AA2CF9 /* Map */ = {
			isa = PBXGroup;
			children = (
				15DB8C99210C122700AA2CF9 /* PYAnnotation.h */,
				15DB8C9A210C122700AA2CF9 /* PYAnnotation.m */,
				15DB8CA1210C122700AA2CF9 /* PYUserLocationView.h */,
				15DB8CA2210C122700AA2CF9 /* PYUserLocationView.m */,
				15DB8C9B210C122700AA2CF9 /* PYMapView+Annotaions.h */,
				15DB8C9C210C122700AA2CF9 /* PYMapView+Annotaions.m */,
				15DB8C9D210C122700AA2CF9 /* PYMapView+Region.h */,
				15DB8C9E210C122700AA2CF9 /* PYMapView+Region.m */,
				15DB8C9F210C122700AA2CF9 /* PYMapView+UserLocation.h */,
				15DB8CA0210C122700AA2CF9 /* PYMapView+UserLocation.m */,
			);
			path = Map;
			sourceTree = "<group>";
		};
		15DB8CAA210C125B00AA2CF9 /* Calendar */ = {
			isa = PBXGroup;
			children = (
				15417B341EADCF4B009C894F /* PYCalendarHeadView.h */,
				15417B351EADCF4B009C894F /* PYCalendarHeadView.m */,
				15CC084A1EA757050006B505 /* calendar_lunar.c */,
				15CC084B1EA757050006B505 /* calendar_lunar.h */,
				15CC08441EA757050006B505 /* PYCalendarGraphics.h */,
				15CC08451EA757050006B505 /* PYCalendarGraphics.m */,
				15CC08491EA757050006B505 /* PYCalendarLocation.h */,
				15CC08461EA757050006B505 /* PYCalendarLocation.m */,
				15CC08471EA757050006B505 /* PYCalendarLunar.h */,
				15CC08481EA757050006B505 /* PYCalendarLunar.m */,
			);
			path = Calendar;
			sourceTree = "<group>";
		};
		15DFCAE4200C7DA300DA4C0F /* libmp3lame */ = {
			isa = PBXGroup;
			children = (
				15DFCAE5200C7DA300DA4C0F /* lame.h */,
				15DFCAE6200C7DA300DA4C0F /* libmp3lame.a */,
			);
			path = libmp3lame;
			sourceTree = "<group>";
		};
/* End PBXGroup section */

/* Begin PBXNativeTarget section */
		15CC07DD1EA7556C0006B505 /* PYKit */ = {
			isa = PBXNativeTarget;
			buildConfigurationList = 15CC07F51EA7556C0006B505 /* Build configuration list for PBXNativeTarget "PYKit" */;
			buildPhases = (
				15CC07DA1EA7556C0006B505 /* Sources */,
				15CC07DB1EA7556C0006B505 /* Frameworks */,
				15CC07DC1EA7556C0006B505 /* Resources */,
			);
			buildRules = (
			);
			dependencies = (
			);
			name = PYKit;
			productName = PYKit;
			productReference = 15CC07DE1EA7556C0006B505 /* PYKit.app */;
			productType = "com.apple.product-type.application";
		};
		15CC085F1EA757A60006B505 /* pykita */ = {
			isa = PBXNativeTarget;
			buildConfigurationList = 15CC08661EA757A60006B505 /* Build configuration list for PBXNativeTarget "pykita" */;
			buildPhases = (
				15CC085C1EA757A60006B505 /* Sources */,
				15CC085D1EA757A60006B505 /* Frameworks */,
				15CC085E1EA757A60006B505 /* CopyFiles */,
			);
			buildRules = (
			);
			dependencies = (
			);
			name = pykita;
			productName = pykita;
			productReference = 15CC08601EA757A60006B505 /* libpykita.a */;
			productType = "com.apple.product-type.library.static";
		};
/* End PBXNativeTarget section */

/* Begin PBXProject section */
		15CC07D61EA7556C0006B505 /* Project object */ = {
			isa = PBXProject;
			attributes = {
				LastUpgradeCheck = 0830;
				ORGANIZATIONNAME = wlpiaoyi;
				TargetAttributes = {
					15CC07DD1EA7556C0006B505 = {
						CreatedOnToolsVersion = 8.3;
						DevelopmentTeam = S4NUSJ3KDJ;
						ProvisioningStyle = Automatic;
					};
					15CC085F1EA757A60006B505 = {
						CreatedOnToolsVersion = 8.3;
						DevelopmentTeam = S4NUSJ3KDJ;
						ProvisioningStyle = Automatic;
					};
				};
			};
			buildConfigurationList = 15CC07D91EA7556C0006B505 /* Build configuration list for PBXProject "PYKit" */;
			compatibilityVersion = "Xcode 3.2";
			developmentRegion = English;
			hasScannedForEncodings = 0;
			knownRegions = (
				en,
				Base,
			);
			mainGroup = 15CC07D51EA7556C0006B505;
			productRefGroup = 15CC07DF1EA7556C0006B505 /* Products */;
			projectDirPath = "";
			projectRoot = "";
			targets = (
				15CC07DD1EA7556C0006B505 /* PYKit */,
				15CC085F1EA757A60006B505 /* pykita */,
			);
		};
/* End PBXProject section */

/* Begin PBXResourcesBuildPhase section */
		15CC07DC1EA7556C0006B505 /* Resources */ = {
			isa = PBXResourcesBuildPhase;
			buildActionMask = 2147483647;
			files = (
				15CC07F11EA7556C0006B505 /* LaunchScreen.storyboard in Resources */,
				159C3A851F56AF6900167B3E /* py_webview_hybird.js in Resources */,
				159884801F6B99FE00E589D3 /* icon.png in Resources */,
				152289F21F4E6C9000E02321 /* timg.jpeg in Resources */,
				15CC087A1EA7595A0006B505 /* PYKit.bundle in Resources */,
				15DA7DB31F09E899002FE132 /* TextFieldCheckController.xib in Resources */,
				15CC07EE1EA7556C0006B505 /* Assets.xcassets in Resources */,
				159C3A811F555B9800167B3E /* 1.jpg in Resources */,
				15CC07EC1EA7556C0006B505 /* Main.storyboard in Resources */,
			);
			runOnlyForDeploymentPostprocessing = 0;
		};
/* End PBXResourcesBuildPhase section */

/* Begin PBXSourcesBuildPhase section */
		15CC07DA1EA7556C0006B505 /* Sources */ = {
			isa = PBXSourcesBuildPhase;
			buildActionMask = 2147483647;
			files = (
				15CC07E91EA7556C0006B505 /* ViewController.m in Sources */,
				15417B401EADCF4B009C894F /* PYCalendarParam.m in Sources */,
				150C6EE91F4AC7B200731FC7 /* PYHybirdUtile.m in Sources */,
				15C376191FC2D7CD0076EFA6 /* PY3DView.m in Sources */,
				15CC084E1EA757050006B505 /* PYCalendarGraphics.m in Sources */,
				15CC08501EA757050006B505 /* PYCalendarLunar.m in Sources */,
				15DB8CA5210C122700AA2CF9 /* PYMapView+Region.m in Sources */,
				15DB8CA3210C122700AA2CF9 /* PYAnnotation.m in Sources */,
				15417B3E1EADCF4B009C894F /* NSDate+Lunar.m in Sources */,
				15BD959720BC048100A5811A /* PYTestCheckController.m in Sources */,
				15DB8C97210C120E00AA2CF9 /* PYMapView.m in Sources */,
				15CC084F1EA757050006B505 /* PYCalendarLocation.m in Sources */,
				154E5BDF20AD3C5000C4E5C0 /* PYSliderSingleView.m in Sources */,
				15DB8CB3210C12F300AA2CF9 /* PYTestMapController.m in Sources */,
				1597CB0A1F5D42AE00690BBB /* PYDisplayImageView.m in Sources */,
				15CC07E61EA7556C0006B505 /* AppDelegate.m in Sources */,
				15417B421EADCF4B009C894F /* PYCalendarView.m in Sources */,
				15E2335E1F6FB8EA00C87D9D /* SelecteBarController.m in Sources */,
				15C376131FC283600076EFA6 /* PY3DOrthogonView.m in Sources */,
				15CC084D1EA757050006B505 /* PYDatePikerView.m in Sources */,
				154E5BE220AD3CD900C4E5C0 /* PYSliderParams.m in Sources */,
				1555E0CC1F5CF1C10017B436 /* UITextField+PYCheck.m in Sources */,
				15417B411EADCF4B009C894F /* PYCalendarTimeView.m in Sources */,
				1522C7BE1F18A1BC003CB0D0 /* PYTextInputCheckParams.m in Sources */,
				150D4D871F95B0720058FB83 /* PYSelectorScrollView.m in Sources */,
				155B586C1F5E49670070ECEE /* PYDisplayImageTools.m in Sources */,
				15EEF848202019380092620A /* PYTestCalendarController.m in Sources */,
				15417B3F1EADCF4B009C894F /* PYCalendarHeadView.m in Sources */,
				15CC07E31EA7556C0006B505 /* main.m in Sources */,
				152AAAA81FFB6EFD00370DF8 /* PYTestSelectorController.m in Sources */,
				15CC08511EA757050006B505 /* calendar_lunar.c in Sources */,
				150C6DA81F46D74800731FC7 /* PYSelectorBarView.m in Sources */,
				15DB8CA7210C122700AA2CF9 /* PYUserLocationView.m in Sources */,
				154E5BDC20AD3B3A00C4E5C0 /* PYTestSliderController.m in Sources */,
				15D9F32E1F0F2510002276A9 /* PYAudioPlayer.m in Sources */,
				1589DCC1204D160000D78784 /* PYTestImageController.m in Sources */,
				152C31941F0DD6EC006FD18C /* PYAudioRecord.m in Sources */,
				15CC07FF1EA756120006B505 /* PYAsyImageView.m in Sources */,
				15DB8CA6210C122700AA2CF9 /* PYMapView+UserLocation.m in Sources */,
				15D9F32D1F0F2510002276A9 /* PYAudioTools.m in Sources */,
				15DB8CA4210C122700AA2CF9 /* PYMapView+Annotaions.m in Sources */,
				151AA85720A1750600B58AB9 /* PYSliderDoubleView.m in Sources */,
				15C376161FC2D7110076EFA6 /* PY3DParams.m in Sources */,
				15EC574B2062034600C37942 /* PYWebView.m in Sources */,
				15DA7DB21F09E899002FE132 /* TextFieldCheckController.m in Sources */,
				15417B431EADCF4B009C894F /* PYCalenderDrawView.m in Sources */,
			);
			runOnlyForDeploymentPostprocessing = 0;
		};
		15CC085C1EA757A60006B505 /* Sources */ = {
			isa = PBXSourcesBuildPhase;
			buildActionMask = 2147483647;
			files = (
				15E6683C2113FAC3001BC998 /* PYMapView.m in Sources */,
				15DB8CAB210C128C00AA2CF9 /* PYAnnotation.m in Sources */,
				15DB8CAC210C128C00AA2CF9 /* PYMapView+Annotaions.m in Sources */,
				15DB8CAD210C128C00AA2CF9 /* PYMapView+Region.m in Sources */,
				15DB8CAE210C128C00AA2CF9 /* PYMapView+UserLocation.m in Sources */,
				15DB8CAF210C128C00AA2CF9 /* PYUserLocationView.m in Sources */,
				154E5BE520AD636900C4E5C0 /* PYSelectorScrollView.m in Sources */,
				154E5BE320AD634C00C4E5C0 /* PYSliderParams.m in Sources */,
				154E5BE420AD634C00C4E5C0 /* PYSliderSingleView.m in Sources */,
				151AA85920A1A2E800B58AB9 /* PYSliderDoubleView.m in Sources */,
				15EF12642084555200039690 /* calendar_lunar.c in Sources */,
				15EF125C208454A900039690 /* PYCalendarHeadView.m in Sources */,
				15EF125E208454A900039690 /* PYCalendarGraphics.m in Sources */,
				15EF125F208454A900039690 /* PYCalendarLocation.m in Sources */,
				15EF1260208454A900039690 /* PYCalendarLunar.m in Sources */,
				15EF1261208454A900039690 /* PYDatePikerView.m in Sources */,
				15EF1262208454A900039690 /* PYTextInputCheckParams.m in Sources */,
				15EF1263208454A900039690 /* PYDisplayImageTools.m in Sources */,
				15D5892720844482006612C6 /* PYWebView.m in Sources */,
				15D5892820844482006612C6 /* PYHybirdUtile.m in Sources */,
				15D5892920844482006612C6 /* PYSelectorBarView.m in Sources */,
				15D5892B20844482006612C6 /* PYAudioRecord.m in Sources */,
				15D5892C20844482006612C6 /* PYAudioTools.m in Sources */,
				15D5892D20844482006612C6 /* PYAudioPlayer.m in Sources */,
				15D5892E20844482006612C6 /* NSDate+Lunar.m in Sources */,
				15D5892F20844482006612C6 /* PYCalendarParam.m in Sources */,
				15D5893020844482006612C6 /* PYCalendarTimeView.m in Sources */,
				15D5893120844482006612C6 /* PYCalendarView.m in Sources */,
				15D5893220844482006612C6 /* PYCalenderDrawView.m in Sources */,
				15D5893320844482006612C6 /* PYAsyImageView.m in Sources */,
				15D5893420844482006612C6 /* PYDisplayImageView.m in Sources */,
				15D5893520844482006612C6 /* UITextField+PYCheck.m in Sources */,
			);
			runOnlyForDeploymentPostprocessing = 0;
		};
/* End PBXSourcesBuildPhase section */

/* Begin PBXVariantGroup section */
		15CC07EA1EA7556C0006B505 /* Main.storyboard */ = {
			isa = PBXVariantGroup;
			children = (
				15CC07EB1EA7556C0006B505 /* Base */,
			);
			name = Main.storyboard;
			sourceTree = "<group>";
		};
		15CC07EF1EA7556C0006B505 /* LaunchScreen.storyboard */ = {
			isa = PBXVariantGroup;
			children = (
				15CC07F01EA7556C0006B505 /* Base */,
			);
			name = LaunchScreen.storyboard;
			sourceTree = "<group>";
		};
/* End PBXVariantGroup section */

/* Begin XCBuildConfiguration section */
		15CC07F31EA7556C0006B505 /* Debug */ = {
			isa = XCBuildConfiguration;
			buildSettings = {
				ALWAYS_SEARCH_USER_PATHS = NO;
				CLANG_ANALYZER_NONNULL = YES;
				CLANG_ANALYZER_NUMBER_OBJECT_CONVERSION = YES_AGGRESSIVE;
				CLANG_CXX_LANGUAGE_STANDARD = "gnu++0x";
				CLANG_CXX_LIBRARY = "libc++";
				CLANG_ENABLE_MODULES = YES;
				CLANG_ENABLE_OBJC_ARC = YES;
				CLANG_WARN_BOOL_CONVERSION = YES;
				CLANG_WARN_CONSTANT_CONVERSION = YES;
				CLANG_WARN_DIRECT_OBJC_ISA_USAGE = YES_ERROR;
				CLANG_WARN_DOCUMENTATION_COMMENTS = YES;
				CLANG_WARN_EMPTY_BODY = YES;
				CLANG_WARN_ENUM_CONVERSION = YES;
				CLANG_WARN_INFINITE_RECURSION = YES;
				CLANG_WARN_INT_CONVERSION = YES;
				CLANG_WARN_OBJC_ROOT_CLASS = YES_ERROR;
				CLANG_WARN_SUSPICIOUS_MOVE = YES;
				CLANG_WARN_UNREACHABLE_CODE = YES;
				CLANG_WARN__DUPLICATE_METHOD_MATCH = YES;
				"CODE_SIGN_IDENTITY[sdk=iphoneos*]" = "iPhone Developer";
				COPY_PHASE_STRIP = NO;
				DEBUG_INFORMATION_FORMAT = dwarf;
				ENABLE_BITCODE = NO;
				ENABLE_STRICT_OBJC_MSGSEND = YES;
				ENABLE_TESTABILITY = YES;
				GCC_C_LANGUAGE_STANDARD = gnu99;
				GCC_DYNAMIC_NO_PIC = NO;
				GCC_NO_COMMON_BLOCKS = YES;
				GCC_OPTIMIZATION_LEVEL = 0;
				GCC_PREPROCESSOR_DEFINITIONS = (
					"DEBUG=1",
					"$(inherited)",
				);
				GCC_WARN_64_TO_32_BIT_CONVERSION = YES;
				GCC_WARN_ABOUT_RETURN_TYPE = YES_ERROR;
				GCC_WARN_UNDECLARED_SELECTOR = YES;
				GCC_WARN_UNINITIALIZED_AUTOS = YES_AGGRESSIVE;
				GCC_WARN_UNUSED_FUNCTION = YES;
				GCC_WARN_UNUSED_VARIABLE = YES;
				IPHONEOS_DEPLOYMENT_TARGET = 10.3;
				MTL_ENABLE_DEBUG_INFO = YES;
				ONLY_ACTIVE_ARCH = NO;
				SDKROOT = iphoneos;
				TARGETED_DEVICE_FAMILY = "1,2";
			};
			name = Debug;
		};
		15CC07F41EA7556C0006B505 /* Release */ = {
			isa = XCBuildConfiguration;
			buildSettings = {
				ALWAYS_SEARCH_USER_PATHS = NO;
				CLANG_ANALYZER_NONNULL = YES;
				CLANG_ANALYZER_NUMBER_OBJECT_CONVERSION = YES_AGGRESSIVE;
				CLANG_CXX_LANGUAGE_STANDARD = "gnu++0x";
				CLANG_CXX_LIBRARY = "libc++";
				CLANG_ENABLE_MODULES = YES;
				CLANG_ENABLE_OBJC_ARC = YES;
				CLANG_WARN_BOOL_CONVERSION = YES;
				CLANG_WARN_CONSTANT_CONVERSION = YES;
				CLANG_WARN_DIRECT_OBJC_ISA_USAGE = YES_ERROR;
				CLANG_WARN_DOCUMENTATION_COMMENTS = YES;
				CLANG_WARN_EMPTY_BODY = YES;
				CLANG_WARN_ENUM_CONVERSION = YES;
				CLANG_WARN_INFINITE_RECURSION = YES;
				CLANG_WARN_INT_CONVERSION = YES;
				CLANG_WARN_OBJC_ROOT_CLASS = YES_ERROR;
				CLANG_WARN_SUSPICIOUS_MOVE = YES;
				CLANG_WARN_UNREACHABLE_CODE = YES;
				CLANG_WARN__DUPLICATE_METHOD_MATCH = YES;
				"CODE_SIGN_IDENTITY[sdk=iphoneos*]" = "iPhone Developer";
				COPY_PHASE_STRIP = NO;
				DEBUG_INFORMATION_FORMAT = "dwarf-with-dsym";
				ENABLE_BITCODE = NO;
				ENABLE_NS_ASSERTIONS = NO;
				ENABLE_STRICT_OBJC_MSGSEND = YES;
				GCC_C_LANGUAGE_STANDARD = gnu99;
				GCC_NO_COMMON_BLOCKS = YES;
				GCC_WARN_64_TO_32_BIT_CONVERSION = YES;
				GCC_WARN_ABOUT_RETURN_TYPE = YES_ERROR;
				GCC_WARN_UNDECLARED_SELECTOR = YES;
				GCC_WARN_UNINITIALIZED_AUTOS = YES_AGGRESSIVE;
				GCC_WARN_UNUSED_FUNCTION = YES;
				GCC_WARN_UNUSED_VARIABLE = YES;
				IPHONEOS_DEPLOYMENT_TARGET = 10.3;
				MTL_ENABLE_DEBUG_INFO = NO;
				SDKROOT = iphoneos;
				TARGETED_DEVICE_FAMILY = "1,2";
				VALIDATE_PRODUCT = YES;
			};
			name = Release;
		};
		15CC07F61EA7556C0006B505 /* Debug */ = {
			isa = XCBuildConfiguration;
			buildSettings = {
				ASSETCATALOG_COMPILER_APPICON_NAME = AppIcon;
				CODE_SIGN_IDENTITY = "iPhone Developer: Leo Cloudless (SFR9NKH7W5)";
				"CODE_SIGN_IDENTITY[sdk=iphoneos*]" = "iPhone Developer";
				CODE_SIGN_STYLE = Automatic;
				DEVELOPMENT_TEAM = S4NUSJ3KDJ;
				FRAMEWORK_SEARCH_PATHS = (
					"$(inherited)",
					"$(PROJECT_DIR)",
					"$(PROJECT_DIR)/lib",
				);
				INFOPLIST_FILE = PYKit/Info.plist;
				IPHONEOS_DEPLOYMENT_TARGET = 8.0;
				LD_RUNPATH_SEARCH_PATHS = "$(inherited) @executable_path/Frameworks";
				LIBRARY_SEARCH_PATHS = (
					"$(inherited)",
					"$(PROJECT_DIR)",
					"$(PROJECT_DIR)/Speex/ogg",
					"$(PROJECT_DIR)/Speex/speex",
					"$(PROJECT_DIR)/Speex/speexdsp",
					"$(PROJECT_DIR)/lame",
					"$(PROJECT_DIR)/PYKit/Source\\ Code/Private/libmp3lame/.libs",
					"$(PROJECT_DIR)/PYKit/Source\\ Code/Private/libmp3lame/.libs",
					"$(PROJECT_DIR)/PYKit/Source\\ Code/Private/libmp3lame/.libs/libmp3lame.lax",
					"$(PROJECT_DIR)/PYKit/Source\\ Code/Private/libmp3lame/vector/.libs",
					"$(PROJECT_DIR)/PYKit/Source\\ Code/Private/mpglib/.libs",
					"$(PROJECT_DIR)/include/libmp3lame",
					"$(PROJECT_DIR)/lib/libmp3lame",
					"$(PROJECT_DIR)/lib",
					"$(PROJECT_DIR)/lib/pyinterflow",
					"$(PROJECT_DIR)/lib/pynetwork",
					"$(PROJECT_DIR)/lib/pyutile",
					"$(PROJECT_DIR)/lib/pyipa",
				);
				OTHER_LDFLAGS = "-ObjC";
				PRODUCT_BUNDLE_IDENTIFIER = wlpiaoyi.PYKit;
				PRODUCT_NAME = "$(TARGET_NAME)";
				PROVISIONING_PROFILE = "";
				PROVISIONING_PROFILE_SPECIFIER = "";
			};
			name = Debug;
		};
		15CC07F71EA7556C0006B505 /* Release */ = {
			isa = XCBuildConfiguration;
			buildSettings = {
				ASSETCATALOG_COMPILER_APPICON_NAME = AppIcon;
				CODE_SIGN_IDENTITY = "iPhone Developer: Leo Cloudless (SFR9NKH7W5)";
				"CODE_SIGN_IDENTITY[sdk=iphoneos*]" = "iPhone Developer";
				CODE_SIGN_STYLE = Automatic;
				DEVELOPMENT_TEAM = S4NUSJ3KDJ;
				FRAMEWORK_SEARCH_PATHS = (
					"$(inherited)",
					"$(PROJECT_DIR)",
					"$(PROJECT_DIR)/lib",
				);
				INFOPLIST_FILE = PYKit/Info.plist;
				IPHONEOS_DEPLOYMENT_TARGET = 8.0;
				LD_RUNPATH_SEARCH_PATHS = "$(inherited) @executable_path/Frameworks";
				LIBRARY_SEARCH_PATHS = (
					"$(inherited)",
					"$(PROJECT_DIR)",
					"$(PROJECT_DIR)/Speex/ogg",
					"$(PROJECT_DIR)/Speex/speex",
					"$(PROJECT_DIR)/Speex/speexdsp",
					"$(PROJECT_DIR)/lame",
					"$(PROJECT_DIR)/PYKit/Source\\ Code/Private/libmp3lame/.libs",
					"$(PROJECT_DIR)/PYKit/Source\\ Code/Private/libmp3lame/.libs",
					"$(PROJECT_DIR)/PYKit/Source\\ Code/Private/libmp3lame/.libs/libmp3lame.lax",
					"$(PROJECT_DIR)/PYKit/Source\\ Code/Private/libmp3lame/vector/.libs",
					"$(PROJECT_DIR)/PYKit/Source\\ Code/Private/mpglib/.libs",
					"$(PROJECT_DIR)/include/libmp3lame",
					"$(PROJECT_DIR)/lib/libmp3lame",
					"$(PROJECT_DIR)/lib",
					"$(PROJECT_DIR)/lib/pyinterflow",
					"$(PROJECT_DIR)/lib/pynetwork",
					"$(PROJECT_DIR)/lib/pyutile",
					"$(PROJECT_DIR)/lib/pyipa",
				);
				OTHER_LDFLAGS = "-ObjC";
				PRODUCT_BUNDLE_IDENTIFIER = wlpiaoyi.PYKit;
				PRODUCT_NAME = "$(TARGET_NAME)";
				PROVISIONING_PROFILE = "";
				PROVISIONING_PROFILE_SPECIFIER = "";
			};
			name = Release;
		};
		15CC08671EA757A60006B505 /* Debug */ = {
			isa = XCBuildConfiguration;
			buildSettings = {
				DEVELOPMENT_TEAM = S4NUSJ3KDJ;
				ENABLE_BITCODE = YES;
				IPHONEOS_DEPLOYMENT_TARGET = 9.0;
				LIBRARY_SEARCH_PATHS = (
					"$(inherited)",
					"$(PROJECT_DIR)",
				);
				ONLY_ACTIVE_ARCH = YES;
				OTHER_LDFLAGS = "-ObjC";
				PRODUCT_NAME = "$(TARGET_NAME)";
				SKIP_INSTALL = YES;
			};
			name = Debug;
		};
		15CC08681EA757A60006B505 /* Release */ = {
			isa = XCBuildConfiguration;
			buildSettings = {
				DEVELOPMENT_TEAM = S4NUSJ3KDJ;
				ENABLE_BITCODE = YES;
				IPHONEOS_DEPLOYMENT_TARGET = 9.0;
				LIBRARY_SEARCH_PATHS = (
					"$(inherited)",
					"$(PROJECT_DIR)",
				);
				OTHER_LDFLAGS = "-ObjC";
				PRODUCT_NAME = "$(TARGET_NAME)";
				SKIP_INSTALL = YES;
			};
			name = Release;
		};
/* End XCBuildConfiguration section */

/* Begin XCConfigurationList section */
		15CC07D91EA7556C0006B505 /* Build configuration list for PBXProject "PYKit" */ = {
			isa = XCConfigurationList;
			buildConfigurations = (
				15CC07F31EA7556C0006B505 /* Debug */,
				15CC07F41EA7556C0006B505 /* Release */,
			);
			defaultConfigurationIsVisible = 0;
			defaultConfigurationName = Release;
		};
		15CC07F51EA7556C0006B505 /* Build configuration list for PBXNativeTarget "PYKit" */ = {
			isa = XCConfigurationList;
			buildConfigurations = (
				15CC07F61EA7556C0006B505 /* Debug */,
				15CC07F71EA7556C0006B505 /* Release */,
			);
			defaultConfigurationIsVisible = 0;
			defaultConfigurationName = Release;
		};
		15CC08661EA757A60006B505 /* Build configuration list for PBXNativeTarget "pykita" */ = {
			isa = XCConfigurationList;
			buildConfigurations = (
				15CC08671EA757A60006B505 /* Debug */,
				15CC08681EA757A60006B505 /* Release */,
			);
			defaultConfigurationIsVisible = 0;
			defaultConfigurationName = Release;
		};
/* End XCConfigurationList section */
	};
	rootObject = 15CC07D61EA7556C0006B505 /* Project object */;
}
