// !$*UTF8*$!
{
	archiveVersion = 1;
	classes = {
	};
	objectVersion = 46;
	objects = {

/* Begin PBXBuildFile section */
		150C6DA81F46D74800731FC7 /* PYSelectorBarView.m in Sources */ = {isa = PBXBuildFile; fileRef = 150C6DA71F46D74800731FC7 /* PYSelectorBarView.m */; };
		150C6DA91F46EB8000731FC7 /* PYSelectorBarView.h in CopyFiles */ = {isa = PBXBuildFile; fileRef = 150C6DA61F46D74800731FC7 /* PYSelectorBarView.h */; };
		150C6DAA1F46EB8900731FC7 /* PYSelectorBarView.m in Sources */ = {isa = PBXBuildFile; fileRef = 150C6DA71F46D74800731FC7 /* PYSelectorBarView.m */; };
		150C6EAD1F49956D00731FC7 /* libmp3lame.a in Frameworks */ = {isa = PBXBuildFile; fileRef = 150C6E7A1F49956D00731FC7 /* libmp3lame.a */; };
		150C6EAE1F49956D00731FC7 /* libpyinterflowa.a in Frameworks */ = {isa = PBXBuildFile; fileRef = 150C6E7B1F49956D00731FC7 /* libpyinterflowa.a */; };
		150C6EAF1F49956D00731FC7 /* libpynetworka.a in Frameworks */ = {isa = PBXBuildFile; fileRef = 150C6E7C1F49956D00731FC7 /* libpynetworka.a */; };
		150C6EB01F49956D00731FC7 /* libpyutilea.a in Frameworks */ = {isa = PBXBuildFile; fileRef = 150C6E7D1F49956D00731FC7 /* libpyutilea.a */; };
		150C6EE81F4AC7B200731FC7 /* hybird.js in Resources */ = {isa = PBXBuildFile; fileRef = 150C6EE31F4AC7B200731FC7 /* hybird.js */; };
		150C6EE91F4AC7B200731FC7 /* PYHybirdUtile.m in Sources */ = {isa = PBXBuildFile; fileRef = 150C6EE51F4AC7B200731FC7 /* PYHybirdUtile.m */; };
		150C6EEA1F4AC7B200731FC7 /* PYWebView.m in Sources */ = {isa = PBXBuildFile; fileRef = 150C6EE71F4AC7B200731FC7 /* PYWebView.m */; };
		150C6EEC1F4AC7C700731FC7 /* JavaScriptCore.framework in Frameworks */ = {isa = PBXBuildFile; fileRef = 150C6EEB1F4AC7C700731FC7 /* JavaScriptCore.framework */; };
		150C6EED1F4AC7D400731FC7 /* JavaScriptCore.framework in Frameworks */ = {isa = PBXBuildFile; fileRef = 150C6EEB1F4AC7C700731FC7 /* JavaScriptCore.framework */; };
		1522C7BE1F18A1BC003CB0D0 /* PYTextInputCheckParams.m in Sources */ = {isa = PBXBuildFile; fileRef = 1522C7BD1F18A1BC003CB0D0 /* PYTextInputCheckParams.m */; };
		152C31941F0DD6EC006FD18C /* PYAudioRecord.m in Sources */ = {isa = PBXBuildFile; fileRef = 152C31931F0DD6EC006FD18C /* PYAudioRecord.m */; };
		152F58B01F4BDCE0006528C7 /* PYHybirdUtile.m in Sources */ = {isa = PBXBuildFile; fileRef = 150C6EE51F4AC7B200731FC7 /* PYHybirdUtile.m */; };
		152F58B11F4BDCE0006528C7 /* PYWebView.m in Sources */ = {isa = PBXBuildFile; fileRef = 150C6EE71F4AC7B200731FC7 /* PYWebView.m */; };
		152F58B31F4BDD09006528C7 /* PYHybirdUtile.h in CopyFiles */ = {isa = PBXBuildFile; fileRef = 150C6EE41F4AC7B200731FC7 /* PYHybirdUtile.h */; };
		152F58B41F4BDD09006528C7 /* PYWebView.h in CopyFiles */ = {isa = PBXBuildFile; fileRef = 150C6EE61F4AC7B200731FC7 /* PYWebView.h */; };
		152F58B51F4BDD13006528C7 /* hybird.js in CopyFiles */ = {isa = PBXBuildFile; fileRef = 150C6EE31F4AC7B200731FC7 /* hybird.js */; };
		15325E5A1F1C725A00DD1633 /* PYTextInputCheckParams.m in Sources */ = {isa = PBXBuildFile; fileRef = 1522C7BD1F18A1BC003CB0D0 /* PYTextInputCheckParams.m */; };
		15325E5B1F1C725A00DD1633 /* UITextView+Check.m in Sources */ = {isa = PBXBuildFile; fileRef = 155C74B21F1A556200E7CEE3 /* UITextView+Check.m */; };
		15325E5C1F1C726500DD1633 /* UITextView+Check.h in CopyFiles */ = {isa = PBXBuildFile; fileRef = 155C74B11F1A556200E7CEE3 /* UITextView+Check.h */; };
		15417B3E1EADCF4B009C894F /* NSDate+Lunar.m in Sources */ = {isa = PBXBuildFile; fileRef = 15417B331EADCF4B009C894F /* NSDate+Lunar.m */; };
		15417B3F1EADCF4B009C894F /* PYCalendarHeadView.m in Sources */ = {isa = PBXBuildFile; fileRef = 15417B351EADCF4B009C894F /* PYCalendarHeadView.m */; };
		15417B401EADCF4B009C894F /* PYCalendarParam.m in Sources */ = {isa = PBXBuildFile; fileRef = 15417B371EADCF4B009C894F /* PYCalendarParam.m */; };
		15417B411EADCF4B009C894F /* PYCalendarTimeView.m in Sources */ = {isa = PBXBuildFile; fileRef = 15417B391EADCF4B009C894F /* PYCalendarTimeView.m */; };
		15417B421EADCF4B009C894F /* PYCalendarView.m in Sources */ = {isa = PBXBuildFile; fileRef = 15417B3B1EADCF4B009C894F /* PYCalendarView.m */; };
		15417B431EADCF4B009C894F /* PYCalenderDateView.m in Sources */ = {isa = PBXBuildFile; fileRef = 15417B3D1EADCF4B009C894F /* PYCalenderDateView.m */; };
		15417B441EADCF62009C894F /* NSDate+Lunar.h in CopyFiles */ = {isa = PBXBuildFile; fileRef = 15417B321EADCF4B009C894F /* NSDate+Lunar.h */; };
		15417B451EADCF62009C894F /* PYCalendarHeadView.h in CopyFiles */ = {isa = PBXBuildFile; fileRef = 15417B341EADCF4B009C894F /* PYCalendarHeadView.h */; };
		15417B461EADCF62009C894F /* PYCalendarParam.h in CopyFiles */ = {isa = PBXBuildFile; fileRef = 15417B361EADCF4B009C894F /* PYCalendarParam.h */; };
		15417B471EADCF62009C894F /* PYCalendarTimeView.h in CopyFiles */ = {isa = PBXBuildFile; fileRef = 15417B381EADCF4B009C894F /* PYCalendarTimeView.h */; };
		15417B481EADCF62009C894F /* PYCalendarView.h in CopyFiles */ = {isa = PBXBuildFile; fileRef = 15417B3A1EADCF4B009C894F /* PYCalendarView.h */; };
		15417B491EADCF62009C894F /* PYCalenderDateView.h in CopyFiles */ = {isa = PBXBuildFile; fileRef = 15417B3C1EADCF4B009C894F /* PYCalenderDateView.h */; };
		15417B4A1EADCF6B009C894F /* NSDate+Lunar.m in Sources */ = {isa = PBXBuildFile; fileRef = 15417B331EADCF4B009C894F /* NSDate+Lunar.m */; };
		15417B4B1EADCF6B009C894F /* PYCalendarHeadView.m in Sources */ = {isa = PBXBuildFile; fileRef = 15417B351EADCF4B009C894F /* PYCalendarHeadView.m */; };
		15417B4C1EADCF6B009C894F /* PYCalendarParam.m in Sources */ = {isa = PBXBuildFile; fileRef = 15417B371EADCF4B009C894F /* PYCalendarParam.m */; };
		15417B4D1EADCF6B009C894F /* PYCalendarTimeView.m in Sources */ = {isa = PBXBuildFile; fileRef = 15417B391EADCF4B009C894F /* PYCalendarTimeView.m */; };
		15417B4E1EADCF6B009C894F /* PYCalendarView.m in Sources */ = {isa = PBXBuildFile; fileRef = 15417B3B1EADCF4B009C894F /* PYCalendarView.m */; };
		15417B4F1EADCF6B009C894F /* PYCalenderDateView.m in Sources */ = {isa = PBXBuildFile; fileRef = 15417B3D1EADCF4B009C894F /* PYCalenderDateView.m */; };
		155B8F531F064D90007FE5A9 /* UITextField+Check.h in CopyFiles */ = {isa = PBXBuildFile; fileRef = 15AD1EE21F02907A00AD2568 /* UITextField+Check.h */; };
		155B8F541F064D97007FE5A9 /* UITextField+Check.m in Sources */ = {isa = PBXBuildFile; fileRef = 15AD1EE31F02907A00AD2568 /* UITextField+Check.m */; };
		155C74B31F1A556200E7CEE3 /* UITextView+Check.m in Sources */ = {isa = PBXBuildFile; fileRef = 155C74B21F1A556200E7CEE3 /* UITextView+Check.m */; };
		15611F271F0B7DE900CD8848 /* AVFoundation.framework in Frameworks */ = {isa = PBXBuildFile; fileRef = 15611F261F0B7DE900CD8848 /* AVFoundation.framework */; };
		15AA33481F1609ED0070631E /* PYAudioTools.m in Sources */ = {isa = PBXBuildFile; fileRef = 15D9F3291F0F2510002276A9 /* PYAudioTools.m */; };
		15AA33491F1609ED0070631E /* PYAudioPlayer.m in Sources */ = {isa = PBXBuildFile; fileRef = 15D9F32A1F0F2510002276A9 /* PYAudioPlayer.m */; };
		15AA334A1F1609ED0070631E /* PYAudioRecord.m in Sources */ = {isa = PBXBuildFile; fileRef = 152C31931F0DD6EC006FD18C /* PYAudioRecord.m */; };
		15AA334B1F160A030070631E /* PYAudio.h in CopyFiles */ = {isa = PBXBuildFile; fileRef = 152C31961F0DE198006FD18C /* PYAudio.h */; };
		15AA334C1F160A030070631E /* PYAudioTools.h in CopyFiles */ = {isa = PBXBuildFile; fileRef = 15D9F32C1F0F2510002276A9 /* PYAudioTools.h */; };
		15AA334D1F160A030070631E /* PYAudioPlayer.h in CopyFiles */ = {isa = PBXBuildFile; fileRef = 15D9F32B1F0F2510002276A9 /* PYAudioPlayer.h */; };
		15AA334E1F160A030070631E /* PYAudioRecord.h in CopyFiles */ = {isa = PBXBuildFile; fileRef = 152C31921F0DD6EC006FD18C /* PYAudioRecord.h */; };
		15AD1EE41F02907A00AD2568 /* UITextField+Check.m in Sources */ = {isa = PBXBuildFile; fileRef = 15AD1EE31F02907A00AD2568 /* UITextField+Check.m */; };
		15B8D6611EA8855A00B8487E /* calendar_lunar.c in Sources */ = {isa = PBXBuildFile; fileRef = 15CC084A1EA757050006B505 /* calendar_lunar.c */; };
		15B8D6681EA8859200B8487E /* PYAsyImageView.h in CopyFiles */ = {isa = PBXBuildFile; fileRef = 15CC07FB1EA756120006B505 /* PYAsyImageView.h */; };
		15B8D66E1EA8859200B8487E /* PYDisplayImageView.h in CopyFiles */ = {isa = PBXBuildFile; fileRef = 15CC07FD1EA756120006B505 /* PYDisplayImageView.h */; };
		15CC07E31EA7556C0006B505 /* main.m in Sources */ = {isa = PBXBuildFile; fileRef = 15CC07E21EA7556C0006B505 /* main.m */; };
		15CC07E61EA7556C0006B505 /* AppDelegate.m in Sources */ = {isa = PBXBuildFile; fileRef = 15CC07E51EA7556C0006B505 /* AppDelegate.m */; };
		15CC07E91EA7556C0006B505 /* ViewController.m in Sources */ = {isa = PBXBuildFile; fileRef = 15CC07E81EA7556C0006B505 /* ViewController.m */; };
		15CC07EC1EA7556C0006B505 /* Main.storyboard in Resources */ = {isa = PBXBuildFile; fileRef = 15CC07EA1EA7556C0006B505 /* Main.storyboard */; };
		15CC07EE1EA7556C0006B505 /* Assets.xcassets in Resources */ = {isa = PBXBuildFile; fileRef = 15CC07ED1EA7556C0006B505 /* Assets.xcassets */; };
		15CC07F11EA7556C0006B505 /* LaunchScreen.storyboard in Resources */ = {isa = PBXBuildFile; fileRef = 15CC07EF1EA7556C0006B505 /* LaunchScreen.storyboard */; };
		15CC07FF1EA756120006B505 /* PYAsyImageView.m in Sources */ = {isa = PBXBuildFile; fileRef = 15CC07FC1EA756120006B505 /* PYAsyImageView.m */; };
		15CC08001EA756120006B505 /* PYDisplayImageView.m in Sources */ = {isa = PBXBuildFile; fileRef = 15CC07FE1EA756120006B505 /* PYDisplayImageView.m */; };
		15CC084D1EA757050006B505 /* PYDatePikerView.m in Sources */ = {isa = PBXBuildFile; fileRef = 15CC08431EA757050006B505 /* PYDatePikerView.m */; };
		15CC084E1EA757050006B505 /* PYCalendarGraphics.m in Sources */ = {isa = PBXBuildFile; fileRef = 15CC08451EA757050006B505 /* PYCalendarGraphics.m */; };
		15CC084F1EA757050006B505 /* PYCalendarLocation.m in Sources */ = {isa = PBXBuildFile; fileRef = 15CC08461EA757050006B505 /* PYCalendarLocation.m */; };
		15CC08501EA757050006B505 /* PYCalendarLunar.m in Sources */ = {isa = PBXBuildFile; fileRef = 15CC08481EA757050006B505 /* PYCalendarLunar.m */; };
		15CC08511EA757050006B505 /* calendar_lunar.c in Sources */ = {isa = PBXBuildFile; fileRef = 15CC084A1EA757050006B505 /* calendar_lunar.c */; };
		15CC086F1EA757BA0006B505 /* PYAsyImageView.m in Sources */ = {isa = PBXBuildFile; fileRef = 15CC07FC1EA756120006B505 /* PYAsyImageView.m */; };
		15CC08701EA757BA0006B505 /* PYDisplayImageView.m in Sources */ = {isa = PBXBuildFile; fileRef = 15CC07FE1EA756120006B505 /* PYDisplayImageView.m */; };
		15CC087A1EA7595A0006B505 /* PYKit.bundle in Resources */ = {isa = PBXBuildFile; fileRef = 15CC08791EA7595A0006B505 /* PYKit.bundle */; };
		15CC087B1EA759EA0006B505 /* PYCalendarGraphics.m in Sources */ = {isa = PBXBuildFile; fileRef = 15CC08451EA757050006B505 /* PYCalendarGraphics.m */; };
		15CC087C1EA759EA0006B505 /* PYCalendarLocation.m in Sources */ = {isa = PBXBuildFile; fileRef = 15CC08461EA757050006B505 /* PYCalendarLocation.m */; };
		15CC087D1EA759EA0006B505 /* PYCalendarLunar.m in Sources */ = {isa = PBXBuildFile; fileRef = 15CC08481EA757050006B505 /* PYCalendarLunar.m */; };
		15CC087E1EA759EA0006B505 /* PYDatePikerView.m in Sources */ = {isa = PBXBuildFile; fileRef = 15CC08431EA757050006B505 /* PYDatePikerView.m */; };
		15D9F32D1F0F2510002276A9 /* PYAudioTools.m in Sources */ = {isa = PBXBuildFile; fileRef = 15D9F3291F0F2510002276A9 /* PYAudioTools.m */; };
		15D9F32E1F0F2510002276A9 /* PYAudioPlayer.m in Sources */ = {isa = PBXBuildFile; fileRef = 15D9F32A1F0F2510002276A9 /* PYAudioPlayer.m */; };
		15DA7DB21F09E899002FE132 /* TextFieldCheckController.m in Sources */ = {isa = PBXBuildFile; fileRef = 15DA7DB01F09E899002FE132 /* TextFieldCheckController.m */; };
		15DA7DB31F09E899002FE132 /* TextFieldCheckController.xib in Resources */ = {isa = PBXBuildFile; fileRef = 15DA7DB11F09E899002FE132 /* TextFieldCheckController.xib */; };
/* End PBXBuildFile section */

/* Begin PBXCopyFilesBuildPhase section */
		15CC085E1EA757A60006B505 /* CopyFiles */ = {
			isa = PBXCopyFilesBuildPhase;
			buildActionMask = 12;
			dstPath = "$(PRODUCT_NAME)";
			dstSubfolderSpec = 16;
			files = (
				152F58B51F4BDD13006528C7 /* hybird.js in CopyFiles */,
				152F58B31F4BDD09006528C7 /* PYHybirdUtile.h in CopyFiles */,
				152F58B41F4BDD09006528C7 /* PYWebView.h in CopyFiles */,
				150C6DA91F46EB8000731FC7 /* PYSelectorBarView.h in CopyFiles */,
				15325E5C1F1C726500DD1633 /* UITextView+Check.h in CopyFiles */,
				15AA334B1F160A030070631E /* PYAudio.h in CopyFiles */,
				15AA334C1F160A030070631E /* PYAudioTools.h in CopyFiles */,
				15AA334D1F160A030070631E /* PYAudioPlayer.h in CopyFiles */,
				15AA334E1F160A030070631E /* PYAudioRecord.h in CopyFiles */,
				155B8F531F064D90007FE5A9 /* UITextField+Check.h in CopyFiles */,
				15417B441EADCF62009C894F /* NSDate+Lunar.h in CopyFiles */,
				15417B451EADCF62009C894F /* PYCalendarHeadView.h in CopyFiles */,
				15417B461EADCF62009C894F /* PYCalendarParam.h in CopyFiles */,
				15417B471EADCF62009C894F /* PYCalendarTimeView.h in CopyFiles */,
				15417B481EADCF62009C894F /* PYCalendarView.h in CopyFiles */,
				15417B491EADCF62009C894F /* PYCalenderDateView.h in CopyFiles */,
				15B8D6681EA8859200B8487E /* PYAsyImageView.h in CopyFiles */,
				15B8D66E1EA8859200B8487E /* PYDisplayImageView.h in CopyFiles */,
			);
			runOnlyForDeploymentPostprocessing = 0;
		};
/* End PBXCopyFilesBuildPhase section */

/* Begin PBXFileReference section */
		150C6DA61F46D74800731FC7 /* PYSelectorBarView.h */ = {isa = PBXFileReference; fileEncoding = 4; lastKnownFileType = sourcecode.c.h; path = PYSelectorBarView.h; sourceTree = "<group>"; };
		150C6DA71F46D74800731FC7 /* PYSelectorBarView.m */ = {isa = PBXFileReference; fileEncoding = 4; lastKnownFileType = sourcecode.c.objc; path = PYSelectorBarView.m; sourceTree = "<group>"; };
		150C6E791F49956D00731FC7 /* lame.h */ = {isa = PBXFileReference; fileEncoding = 4; lastKnownFileType = sourcecode.c.h; path = lame.h; sourceTree = "<group>"; };
		150C6E7A1F49956D00731FC7 /* libmp3lame.a */ = {isa = PBXFileReference; lastKnownFileType = archive.ar; path = libmp3lame.a; sourceTree = "<group>"; };
		150C6E7B1F49956D00731FC7 /* libpyinterflowa.a */ = {isa = PBXFileReference; lastKnownFileType = archive.ar; path = libpyinterflowa.a; sourceTree = "<group>"; };
		150C6E7C1F49956D00731FC7 /* libpynetworka.a */ = {isa = PBXFileReference; lastKnownFileType = archive.ar; path = libpynetworka.a; sourceTree = "<group>"; };
		150C6E7D1F49956D00731FC7 /* libpyutilea.a */ = {isa = PBXFileReference; lastKnownFileType = archive.ar; path = libpyutilea.a; sourceTree = "<group>"; };
		150C6E7F1F49956D00731FC7 /* pyinterflowa.h */ = {isa = PBXFileReference; fileEncoding = 4; lastKnownFileType = sourcecode.c.h; path = pyinterflowa.h; sourceTree = "<group>"; };
		150C6E801F49956D00731FC7 /* PYParams.h */ = {isa = PBXFileReference; fileEncoding = 4; lastKnownFileType = sourcecode.c.h; path = PYParams.h; sourceTree = "<group>"; };
		150C6E811F49956D00731FC7 /* UIView+Dialog.h */ = {isa = PBXFileReference; fileEncoding = 4; lastKnownFileType = sourcecode.c.h; path = "UIView+Dialog.h"; sourceTree = "<group>"; };
		150C6E821F49956D00731FC7 /* UIView+Popup.h */ = {isa = PBXFileReference; fileEncoding = 4; lastKnownFileType = sourcecode.c.h; path = "UIView+Popup.h"; sourceTree = "<group>"; };
		150C6E831F49956D00731FC7 /* UIView+Remove.h */ = {isa = PBXFileReference; fileEncoding = 4; lastKnownFileType = sourcecode.c.h; path = "UIView+Remove.h"; sourceTree = "<group>"; };
		150C6E841F49956D00731FC7 /* UIView+Sheet.h */ = {isa = PBXFileReference; fileEncoding = 4; lastKnownFileType = sourcecode.c.h; path = "UIView+Sheet.h"; sourceTree = "<group>"; };
		150C6E851F49956D00731FC7 /* UIView+Topbar.h */ = {isa = PBXFileReference; fileEncoding = 4; lastKnownFileType = sourcecode.c.h; path = "UIView+Topbar.h"; sourceTree = "<group>"; };
		150C6E871F49956D00731FC7 /* PYNetDownload.h */ = {isa = PBXFileReference; fileEncoding = 4; lastKnownFileType = sourcecode.c.h; path = PYNetDownload.h; sourceTree = "<group>"; };
		150C6E881F49956D00731FC7 /* PYNetNormal.h */ = {isa = PBXFileReference; fileEncoding = 4; lastKnownFileType = sourcecode.c.h; path = PYNetNormal.h; sourceTree = "<group>"; };
		150C6E891F49956D00731FC7 /* PYNetUpload.h */ = {isa = PBXFileReference; fileEncoding = 4; lastKnownFileType = sourcecode.c.h; path = PYNetUpload.h; sourceTree = "<group>"; };
		150C6E8A1F49956D00731FC7 /* PYNetwork.h */ = {isa = PBXFileReference; fileEncoding = 4; lastKnownFileType = sourcecode.c.h; path = PYNetwork.h; sourceTree = "<group>"; };
		150C6E8B1F49956D00731FC7 /* pynetworka.h */ = {isa = PBXFileReference; fileEncoding = 4; lastKnownFileType = sourcecode.c.h; path = pynetworka.h; sourceTree = "<group>"; };
		150C6E8D1F49956D00731FC7 /* EXTScope.h */ = {isa = PBXFileReference; fileEncoding = 4; lastKnownFileType = sourcecode.c.h; path = EXTScope.h; sourceTree = "<group>"; };
		150C6E8E1F49956D00731FC7 /* metamacros.h */ = {isa = PBXFileReference; fileEncoding = 4; lastKnownFileType = sourcecode.c.h; path = metamacros.h; sourceTree = "<group>"; };
		150C6E8F1F49956D00731FC7 /* NSArray+Expand.h */ = {isa = PBXFileReference; fileEncoding = 4; lastKnownFileType = sourcecode.c.h; path = "NSArray+Expand.h"; sourceTree = "<group>"; };
		150C6E901F49956D00731FC7 /* NSData+Expand.h */ = {isa = PBXFileReference; fileEncoding = 4; lastKnownFileType = sourcecode.c.h; path = "NSData+Expand.h"; sourceTree = "<group>"; };
		150C6E911F49956D00731FC7 /* NSDate+Expand.h */ = {isa = PBXFileReference; fileEncoding = 4; lastKnownFileType = sourcecode.c.h; path = "NSDate+Expand.h"; sourceTree = "<group>"; };
		150C6E921F49956D00731FC7 /* NSDictionary+Expand.h */ = {isa = PBXFileReference; fileEncoding = 4; lastKnownFileType = sourcecode.c.h; path = "NSDictionary+Expand.h"; sourceTree = "<group>"; };
		150C6E931F49956D00731FC7 /* NSNumber+Expand.h */ = {isa = PBXFileReference; fileEncoding = 4; lastKnownFileType = sourcecode.c.h; path = "NSNumber+Expand.h"; sourceTree = "<group>"; };
		150C6E941F49956D00731FC7 /* NSObject+Expand.h */ = {isa = PBXFileReference; fileEncoding = 4; lastKnownFileType = sourcecode.c.h; path = "NSObject+Expand.h"; sourceTree = "<group>"; };
		150C6E951F49956D00731FC7 /* NSObject+Hook.h */ = {isa = PBXFileReference; fileEncoding = 4; lastKnownFileType = sourcecode.c.h; path = "NSObject+Hook.h"; sourceTree = "<group>"; };
		150C6E961F49956D00731FC7 /* NSString+Expand.h */ = {isa = PBXFileReference; fileEncoding = 4; lastKnownFileType = sourcecode.c.h; path = "NSString+Expand.h"; sourceTree = "<group>"; };
		150C6E971F49956D00731FC7 /* PYGraphicsDraw.h */ = {isa = PBXFileReference; fileEncoding = 4; lastKnownFileType = sourcecode.c.h; path = PYGraphicsDraw.h; sourceTree = "<group>"; };
		150C6E981F49956D00731FC7 /* PYGraphicsThumb.h */ = {isa = PBXFileReference; fileEncoding = 4; lastKnownFileType = sourcecode.c.h; path = PYGraphicsThumb.h; sourceTree = "<group>"; };
		150C6E991F49956D00731FC7 /* PYHook.h */ = {isa = PBXFileReference; fileEncoding = 4; lastKnownFileType = sourcecode.c.h; path = PYHook.h; sourceTree = "<group>"; };
		150C6E9A1F49956D00731FC7 /* PYInvoke.h */ = {isa = PBXFileReference; fileEncoding = 4; lastKnownFileType = sourcecode.c.h; path = PYInvoke.h; sourceTree = "<group>"; };
		150C6E9B1F49956D00731FC7 /* PYKeyboardNotification.h */ = {isa = PBXFileReference; fileEncoding = 4; lastKnownFileType = sourcecode.c.h; path = PYKeyboardNotification.h; sourceTree = "<group>"; };
		150C6E9C1F49956D00731FC7 /* PYMotionNotification.h */ = {isa = PBXFileReference; fileEncoding = 4; lastKnownFileType = sourcecode.c.h; path = PYMotionNotification.h; sourceTree = "<group>"; };
		150C6E9D1F49956D00731FC7 /* PYOrientationNotification.h */ = {isa = PBXFileReference; fileEncoding = 4; lastKnownFileType = sourcecode.c.h; path = PYOrientationNotification.h; sourceTree = "<group>"; };
		150C6E9E1F49956D00731FC7 /* PYReachabilityNotification.h */ = {isa = PBXFileReference; fileEncoding = 4; lastKnownFileType = sourcecode.c.h; path = PYReachabilityNotification.h; sourceTree = "<group>"; };
		150C6E9F1F49956D00731FC7 /* PYUncaughtExceptionHandler.h */ = {isa = PBXFileReference; fileEncoding = 4; lastKnownFileType = sourcecode.c.h; path = PYUncaughtExceptionHandler.h; sourceTree = "<group>"; };
		150C6EA01F49956D00731FC7 /* PYUtile.h */ = {isa = PBXFileReference; fileEncoding = 4; lastKnownFileType = sourcecode.c.h; path = PYUtile.h; sourceTree = "<group>"; };
		150C6EA11F49956D00731FC7 /* pyutilea.h */ = {isa = PBXFileReference; fileEncoding = 4; lastKnownFileType = sourcecode.c.h; path = pyutilea.h; sourceTree = "<group>"; };
		150C6EA21F49956D00731FC7 /* PYViewAutolayoutCenter.h */ = {isa = PBXFileReference; fileEncoding = 4; lastKnownFileType = sourcecode.c.h; path = PYViewAutolayoutCenter.h; sourceTree = "<group>"; };
		150C6EA31F49956D00731FC7 /* Reachability.h */ = {isa = PBXFileReference; fileEncoding = 4; lastKnownFileType = sourcecode.c.h; path = Reachability.h; sourceTree = "<group>"; };
		150C6EA41F49956D00731FC7 /* UIColor+Expand.h */ = {isa = PBXFileReference; fileEncoding = 4; lastKnownFileType = sourcecode.c.h; path = "UIColor+Expand.h"; sourceTree = "<group>"; };
		150C6EA51F49956D00731FC7 /* UIImage+Expand.h */ = {isa = PBXFileReference; fileEncoding = 4; lastKnownFileType = sourcecode.c.h; path = "UIImage+Expand.h"; sourceTree = "<group>"; };
		150C6EA61F49956D00731FC7 /* UILable+Expand.h */ = {isa = PBXFileReference; fileEncoding = 4; lastKnownFileType = sourcecode.c.h; path = "UILable+Expand.h"; sourceTree = "<group>"; };
		150C6EA71F49956D00731FC7 /* UIResponder+Hook.h */ = {isa = PBXFileReference; fileEncoding = 4; lastKnownFileType = sourcecode.c.h; path = "UIResponder+Hook.h"; sourceTree = "<group>"; };
		150C6EA81F49956D00731FC7 /* UIView+Expand.h */ = {isa = PBXFileReference; fileEncoding = 4; lastKnownFileType = sourcecode.c.h; path = "UIView+Expand.h"; sourceTree = "<group>"; };
		150C6EA91F49956D00731FC7 /* UIView+Hook.h */ = {isa = PBXFileReference; fileEncoding = 4; lastKnownFileType = sourcecode.c.h; path = "UIView+Hook.h"; sourceTree = "<group>"; };
		150C6EAA1F49956D00731FC7 /* UIViewController+Hook.h */ = {isa = PBXFileReference; fileEncoding = 4; lastKnownFileType = sourcecode.c.h; path = "UIViewController+Hook.h"; sourceTree = "<group>"; };
		150C6EAB1F49956D00731FC7 /* UIViewController+HookOrientation.h */ = {isa = PBXFileReference; fileEncoding = 4; lastKnownFileType = sourcecode.c.h; path = "UIViewController+HookOrientation.h"; sourceTree = "<group>"; };
		150C6EAC1F49956D00731FC7 /* UIViewController+HookView.h */ = {isa = PBXFileReference; fileEncoding = 4; lastKnownFileType = sourcecode.c.h; path = "UIViewController+HookView.h"; sourceTree = "<group>"; };
		150C6EE31F4AC7B200731FC7 /* hybird.js */ = {isa = PBXFileReference; fileEncoding = 4; lastKnownFileType = sourcecode.javascript; path = hybird.js; sourceTree = "<group>"; };
		150C6EE41F4AC7B200731FC7 /* PYHybirdUtile.h */ = {isa = PBXFileReference; fileEncoding = 4; lastKnownFileType = sourcecode.c.h; path = PYHybirdUtile.h; sourceTree = "<group>"; };
		150C6EE51F4AC7B200731FC7 /* PYHybirdUtile.m */ = {isa = PBXFileReference; fileEncoding = 4; lastKnownFileType = sourcecode.c.objc; path = PYHybirdUtile.m; sourceTree = "<group>"; };
		150C6EE61F4AC7B200731FC7 /* PYWebView.h */ = {isa = PBXFileReference; fileEncoding = 4; lastKnownFileType = sourcecode.c.h; path = PYWebView.h; sourceTree = "<group>"; };
		150C6EE71F4AC7B200731FC7 /* PYWebView.m */ = {isa = PBXFileReference; fileEncoding = 4; lastKnownFileType = sourcecode.c.objc; path = PYWebView.m; sourceTree = "<group>"; };
		150C6EEB1F4AC7C700731FC7 /* JavaScriptCore.framework */ = {isa = PBXFileReference; lastKnownFileType = wrapper.framework; name = JavaScriptCore.framework; path = System/Library/Frameworks/JavaScriptCore.framework; sourceTree = SDKROOT; };
		1522C7BC1F18A1BC003CB0D0 /* PYTextInputCheckParams.h */ = {isa = PBXFileReference; fileEncoding = 4; lastKnownFileType = sourcecode.c.h; path = PYTextInputCheckParams.h; sourceTree = "<group>"; };
		1522C7BD1F18A1BC003CB0D0 /* PYTextInputCheckParams.m */ = {isa = PBXFileReference; fileEncoding = 4; lastKnownFileType = sourcecode.c.objc; path = PYTextInputCheckParams.m; sourceTree = "<group>"; };
		152C31921F0DD6EC006FD18C /* PYAudioRecord.h */ = {isa = PBXFileReference; fileEncoding = 4; lastKnownFileType = sourcecode.c.h; path = PYAudioRecord.h; sourceTree = "<group>"; };
		152C31931F0DD6EC006FD18C /* PYAudioRecord.m */ = {isa = PBXFileReference; fileEncoding = 4; lastKnownFileType = sourcecode.c.objc; path = PYAudioRecord.m; sourceTree = "<group>"; };
		152C31961F0DE198006FD18C /* PYAudio.h */ = {isa = PBXFileReference; fileEncoding = 4; lastKnownFileType = sourcecode.c.h; path = PYAudio.h; sourceTree = "<group>"; };
		152C319D1F0DEE4F006FD18C /* libmp3lame.dylib */ = {isa = PBXFileReference; lastKnownFileType = "compiled.mach-o.dylib"; path = libmp3lame.dylib; sourceTree = "<group>"; };
		15417B321EADCF4B009C894F /* NSDate+Lunar.h */ = {isa = PBXFileReference; fileEncoding = 4; lastKnownFileType = sourcecode.c.h; path = "NSDate+Lunar.h"; sourceTree = "<group>"; };
		15417B331EADCF4B009C894F /* NSDate+Lunar.m */ = {isa = PBXFileReference; fileEncoding = 4; lastKnownFileType = sourcecode.c.objc; path = "NSDate+Lunar.m"; sourceTree = "<group>"; };
		15417B341EADCF4B009C894F /* PYCalendarHeadView.h */ = {isa = PBXFileReference; fileEncoding = 4; lastKnownFileType = sourcecode.c.h; path = PYCalendarHeadView.h; sourceTree = "<group>"; };
		15417B351EADCF4B009C894F /* PYCalendarHeadView.m */ = {isa = PBXFileReference; fileEncoding = 4; lastKnownFileType = sourcecode.c.objc; path = PYCalendarHeadView.m; sourceTree = "<group>"; };
		15417B361EADCF4B009C894F /* PYCalendarParam.h */ = {isa = PBXFileReference; fileEncoding = 4; lastKnownFileType = sourcecode.c.h; path = PYCalendarParam.h; sourceTree = "<group>"; };
		15417B371EADCF4B009C894F /* PYCalendarParam.m */ = {isa = PBXFileReference; fileEncoding = 4; lastKnownFileType = sourcecode.c.objc; path = PYCalendarParam.m; sourceTree = "<group>"; };
		15417B381EADCF4B009C894F /* PYCalendarTimeView.h */ = {isa = PBXFileReference; fileEncoding = 4; lastKnownFileType = sourcecode.c.h; path = PYCalendarTimeView.h; sourceTree = "<group>"; };
		15417B391EADCF4B009C894F /* PYCalendarTimeView.m */ = {isa = PBXFileReference; fileEncoding = 4; lastKnownFileType = sourcecode.c.objc; path = PYCalendarTimeView.m; sourceTree = "<group>"; };
		15417B3A1EADCF4B009C894F /* PYCalendarView.h */ = {isa = PBXFileReference; fileEncoding = 4; lastKnownFileType = sourcecode.c.h; path = PYCalendarView.h; sourceTree = "<group>"; };
		15417B3B1EADCF4B009C894F /* PYCalendarView.m */ = {isa = PBXFileReference; fileEncoding = 4; lastKnownFileType = sourcecode.c.objc; path = PYCalendarView.m; sourceTree = "<group>"; };
		15417B3C1EADCF4B009C894F /* PYCalenderDateView.h */ = {isa = PBXFileReference; fileEncoding = 4; lastKnownFileType = sourcecode.c.h; path = PYCalenderDateView.h; sourceTree = "<group>"; };
		15417B3D1EADCF4B009C894F /* PYCalenderDateView.m */ = {isa = PBXFileReference; fileEncoding = 4; lastKnownFileType = sourcecode.c.objc; path = PYCalenderDateView.m; sourceTree = "<group>"; };
		155C74B11F1A556200E7CEE3 /* UITextView+Check.h */ = {isa = PBXFileReference; fileEncoding = 4; lastKnownFileType = sourcecode.c.h; path = "UITextView+Check.h"; sourceTree = "<group>"; };
		155C74B21F1A556200E7CEE3 /* UITextView+Check.m */ = {isa = PBXFileReference; fileEncoding = 4; lastKnownFileType = sourcecode.c.objc; path = "UITextView+Check.m"; sourceTree = "<group>"; };
		15611F261F0B7DE900CD8848 /* AVFoundation.framework */ = {isa = PBXFileReference; lastKnownFileType = wrapper.framework; name = AVFoundation.framework; path = System/Library/Frameworks/AVFoundation.framework; sourceTree = SDKROOT; };
		15AD1EE21F02907A00AD2568 /* UITextField+Check.h */ = {isa = PBXFileReference; fileEncoding = 4; lastKnownFileType = sourcecode.c.h; path = "UITextField+Check.h"; sourceTree = "<group>"; };
		15AD1EE31F02907A00AD2568 /* UITextField+Check.m */ = {isa = PBXFileReference; fileEncoding = 4; lastKnownFileType = sourcecode.c.objc; path = "UITextField+Check.m"; sourceTree = "<group>"; };
		15CC07DE1EA7556C0006B505 /* PYKit.app */ = {isa = PBXFileReference; explicitFileType = wrapper.application; includeInIndex = 0; path = PYKit.app; sourceTree = BUILT_PRODUCTS_DIR; };
		15CC07E21EA7556C0006B505 /* main.m */ = {isa = PBXFileReference; lastKnownFileType = sourcecode.c.objc; path = main.m; sourceTree = "<group>"; };
		15CC07E41EA7556C0006B505 /* AppDelegate.h */ = {isa = PBXFileReference; lastKnownFileType = sourcecode.c.h; path = AppDelegate.h; sourceTree = "<group>"; };
		15CC07E51EA7556C0006B505 /* AppDelegate.m */ = {isa = PBXFileReference; lastKnownFileType = sourcecode.c.objc; path = AppDelegate.m; sourceTree = "<group>"; };
		15CC07E71EA7556C0006B505 /* ViewController.h */ = {isa = PBXFileReference; lastKnownFileType = sourcecode.c.h; path = ViewController.h; sourceTree = "<group>"; };
		15CC07E81EA7556C0006B505 /* ViewController.m */ = {isa = PBXFileReference; lastKnownFileType = sourcecode.c.objc; path = ViewController.m; sourceTree = "<group>"; };
		15CC07EB1EA7556C0006B505 /* Base */ = {isa = PBXFileReference; lastKnownFileType = file.storyboard; name = Base; path = Base.lproj/Main.storyboard; sourceTree = "<group>"; };
		15CC07ED1EA7556C0006B505 /* Assets.xcassets */ = {isa = PBXFileReference; lastKnownFileType = folder.assetcatalog; path = Assets.xcassets; sourceTree = "<group>"; };
		15CC07F01EA7556C0006B505 /* Base */ = {isa = PBXFileReference; lastKnownFileType = file.storyboard; name = Base; path = Base.lproj/LaunchScreen.storyboard; sourceTree = "<group>"; };
		15CC07F21EA7556C0006B505 /* Info.plist */ = {isa = PBXFileReference; lastKnownFileType = text.plist.xml; path = Info.plist; sourceTree = "<group>"; };
		15CC07FB1EA756120006B505 /* PYAsyImageView.h */ = {isa = PBXFileReference; fileEncoding = 4; lastKnownFileType = sourcecode.c.h; path = PYAsyImageView.h; sourceTree = "<group>"; };
		15CC07FC1EA756120006B505 /* PYAsyImageView.m */ = {isa = PBXFileReference; fileEncoding = 4; lastKnownFileType = sourcecode.c.objc; path = PYAsyImageView.m; sourceTree = "<group>"; };
		15CC07FD1EA756120006B505 /* PYDisplayImageView.h */ = {isa = PBXFileReference; fileEncoding = 4; lastKnownFileType = sourcecode.c.h; path = PYDisplayImageView.h; sourceTree = "<group>"; };
		15CC07FE1EA756120006B505 /* PYDisplayImageView.m */ = {isa = PBXFileReference; fileEncoding = 4; lastKnownFileType = sourcecode.c.objc; path = PYDisplayImageView.m; sourceTree = "<group>"; };
		15CC08431EA757050006B505 /* PYDatePikerView.m */ = {isa = PBXFileReference; fileEncoding = 4; lastKnownFileType = sourcecode.c.objc; path = PYDatePikerView.m; sourceTree = "<group>"; };
		15CC08441EA757050006B505 /* PYCalendarGraphics.h */ = {isa = PBXFileReference; fileEncoding = 4; lastKnownFileType = sourcecode.c.h; path = PYCalendarGraphics.h; sourceTree = "<group>"; };
		15CC08451EA757050006B505 /* PYCalendarGraphics.m */ = {isa = PBXFileReference; fileEncoding = 4; lastKnownFileType = sourcecode.c.objc; path = PYCalendarGraphics.m; sourceTree = "<group>"; };
		15CC08461EA757050006B505 /* PYCalendarLocation.m */ = {isa = PBXFileReference; fileEncoding = 4; lastKnownFileType = sourcecode.c.objc; path = PYCalendarLocation.m; sourceTree = "<group>"; };
		15CC08471EA757050006B505 /* PYCalendarLunar.h */ = {isa = PBXFileReference; fileEncoding = 4; lastKnownFileType = sourcecode.c.h; path = PYCalendarLunar.h; sourceTree = "<group>"; };
		15CC08481EA757050006B505 /* PYCalendarLunar.m */ = {isa = PBXFileReference; fileEncoding = 4; lastKnownFileType = sourcecode.c.objc; path = PYCalendarLunar.m; sourceTree = "<group>"; };
		15CC08491EA757050006B505 /* PYCalendarLocation.h */ = {isa = PBXFileReference; fileEncoding = 4; lastKnownFileType = sourcecode.c.h; path = PYCalendarLocation.h; sourceTree = "<group>"; };
		15CC084A1EA757050006B505 /* calendar_lunar.c */ = {isa = PBXFileReference; fileEncoding = 4; lastKnownFileType = sourcecode.c.c; path = calendar_lunar.c; sourceTree = "<group>"; };
		15CC084B1EA757050006B505 /* calendar_lunar.h */ = {isa = PBXFileReference; fileEncoding = 4; lastKnownFileType = sourcecode.c.h; path = calendar_lunar.h; sourceTree = "<group>"; };
		15CC084C1EA757050006B505 /* PYDatePikerView.h */ = {isa = PBXFileReference; fileEncoding = 4; lastKnownFileType = sourcecode.c.h; path = PYDatePikerView.h; sourceTree = "<group>"; };
		15CC08601EA757A60006B505 /* libpykita.a */ = {isa = PBXFileReference; explicitFileType = archive.ar; includeInIndex = 0; path = libpykita.a; sourceTree = BUILT_PRODUCTS_DIR; };
		15CC08621EA757A60006B505 /* pykita.h */ = {isa = PBXFileReference; lastKnownFileType = sourcecode.c.h; path = pykita.h; sourceTree = "<group>"; };
		15CC08791EA7595A0006B505 /* PYKit.bundle */ = {isa = PBXFileReference; lastKnownFileType = "wrapper.plug-in"; path = PYKit.bundle; sourceTree = "<group>"; };
		15D9F3291F0F2510002276A9 /* PYAudioTools.m */ = {isa = PBXFileReference; fileEncoding = 4; lastKnownFileType = sourcecode.c.objc; path = PYAudioTools.m; sourceTree = "<group>"; };
		15D9F32A1F0F2510002276A9 /* PYAudioPlayer.m */ = {isa = PBXFileReference; fileEncoding = 4; lastKnownFileType = sourcecode.c.objc; path = PYAudioPlayer.m; sourceTree = "<group>"; };
		15D9F32B1F0F2510002276A9 /* PYAudioPlayer.h */ = {isa = PBXFileReference; fileEncoding = 4; lastKnownFileType = sourcecode.c.h; path = PYAudioPlayer.h; sourceTree = "<group>"; };
		15D9F32C1F0F2510002276A9 /* PYAudioTools.h */ = {isa = PBXFileReference; fileEncoding = 4; lastKnownFileType = sourcecode.c.h; path = PYAudioTools.h; sourceTree = "<group>"; };
		15DA7DAF1F09E899002FE132 /* TextFieldCheckController.h */ = {isa = PBXFileReference; fileEncoding = 4; lastKnownFileType = sourcecode.c.h; path = TextFieldCheckController.h; sourceTree = "<group>"; };
		15DA7DB01F09E899002FE132 /* TextFieldCheckController.m */ = {isa = PBXFileReference; fileEncoding = 4; lastKnownFileType = sourcecode.c.objc; path = TextFieldCheckController.m; sourceTree = "<group>"; };
		15DA7DB11F09E899002FE132 /* TextFieldCheckController.xib */ = {isa = PBXFileReference; fileEncoding = 4; lastKnownFileType = file.xib; path = TextFieldCheckController.xib; sourceTree = "<group>"; };
/* End PBXFileReference section */

/* Begin PBXFrameworksBuildPhase section */
		15CC07DB1EA7556C0006B505 /* Frameworks */ = {
			isa = PBXFrameworksBuildPhase;
			buildActionMask = 2147483647;
			files = (
				150C6EED1F4AC7D400731FC7 /* JavaScriptCore.framework in Frameworks */,
				150C6EB01F49956D00731FC7 /* libpyutilea.a in Frameworks */,
				150C6EAF1F49956D00731FC7 /* libpynetworka.a in Frameworks */,
				150C6EAD1F49956D00731FC7 /* libmp3lame.a in Frameworks */,
				150C6EAE1F49956D00731FC7 /* libpyinterflowa.a in Frameworks */,
			);
			runOnlyForDeploymentPostprocessing = 0;
		};
		15CC085D1EA757A60006B505 /* Frameworks */ = {
			isa = PBXFrameworksBuildPhase;
			buildActionMask = 2147483647;
			files = (
				150C6EEC1F4AC7C700731FC7 /* JavaScriptCore.framework in Frameworks */,
				15611F271F0B7DE900CD8848 /* AVFoundation.framework in Frameworks */,
			);
			runOnlyForDeploymentPostprocessing = 0;
		};
/* End PBXFrameworksBuildPhase section */

/* Begin PBXGroup section */
		150C6DA51F46D71500731FC7 /* SelectorBar */ = {
			isa = PBXGroup;
			children = (
				150C6DA61F46D74800731FC7 /* PYSelectorBarView.h */,
				150C6DA71F46D74800731FC7 /* PYSelectorBarView.m */,
			);
			path = SelectorBar;
			sourceTree = "<group>";
		};
		150C6E771F49956D00731FC7 /* lib */ = {
			isa = PBXGroup;
			children = (
				150C6E781F49956D00731FC7 /* libmp3lame */,
				150C6E7B1F49956D00731FC7 /* libpyinterflowa.a */,
				150C6E7C1F49956D00731FC7 /* libpynetworka.a */,
				150C6E7D1F49956D00731FC7 /* libpyutilea.a */,
				150C6E7E1F49956D00731FC7 /* pyinterflowa */,
				150C6E861F49956D00731FC7 /* pynetworka */,
				150C6E8C1F49956D00731FC7 /* pyutilea */,
			);
			path = lib;
			sourceTree = "<group>";
		};
		150C6E781F49956D00731FC7 /* libmp3lame */ = {
			isa = PBXGroup;
			children = (
				150C6E791F49956D00731FC7 /* lame.h */,
				150C6E7A1F49956D00731FC7 /* libmp3lame.a */,
			);
			path = libmp3lame;
			sourceTree = "<group>";
		};
		150C6E7E1F49956D00731FC7 /* pyinterflowa */ = {
			isa = PBXGroup;
			children = (
				150C6E7F1F49956D00731FC7 /* pyinterflowa.h */,
				150C6E801F49956D00731FC7 /* PYParams.h */,
				150C6E811F49956D00731FC7 /* UIView+Dialog.h */,
				150C6E821F49956D00731FC7 /* UIView+Popup.h */,
				150C6E831F49956D00731FC7 /* UIView+Remove.h */,
				150C6E841F49956D00731FC7 /* UIView+Sheet.h */,
				150C6E851F49956D00731FC7 /* UIView+Topbar.h */,
			);
			path = pyinterflowa;
			sourceTree = "<group>";
		};
		150C6E861F49956D00731FC7 /* pynetworka */ = {
			isa = PBXGroup;
			children = (
				150C6E871F49956D00731FC7 /* PYNetDownload.h */,
				150C6E881F49956D00731FC7 /* PYNetNormal.h */,
				150C6E891F49956D00731FC7 /* PYNetUpload.h */,
				150C6E8A1F49956D00731FC7 /* PYNetwork.h */,
				150C6E8B1F49956D00731FC7 /* pynetworka.h */,
			);
			path = pynetworka;
			sourceTree = "<group>";
		};
		150C6E8C1F49956D00731FC7 /* pyutilea */ = {
			isa = PBXGroup;
			children = (
				150C6E8D1F49956D00731FC7 /* EXTScope.h */,
				150C6E8E1F49956D00731FC7 /* metamacros.h */,
				150C6E8F1F49956D00731FC7 /* NSArray+Expand.h */,
				150C6E901F49956D00731FC7 /* NSData+Expand.h */,
				150C6E911F49956D00731FC7 /* NSDate+Expand.h */,
				150C6E921F49956D00731FC7 /* NSDictionary+Expand.h */,
				150C6E931F49956D00731FC7 /* NSNumber+Expand.h */,
				150C6E941F49956D00731FC7 /* NSObject+Expand.h */,
				150C6E951F49956D00731FC7 /* NSObject+Hook.h */,
				150C6E961F49956D00731FC7 /* NSString+Expand.h */,
				150C6E971F49956D00731FC7 /* PYGraphicsDraw.h */,
				150C6E981F49956D00731FC7 /* PYGraphicsThumb.h */,
				150C6E991F49956D00731FC7 /* PYHook.h */,
				150C6E9A1F49956D00731FC7 /* PYInvoke.h */,
				150C6E9B1F49956D00731FC7 /* PYKeyboardNotification.h */,
				150C6E9C1F49956D00731FC7 /* PYMotionNotification.h */,
				150C6E9D1F49956D00731FC7 /* PYOrientationNotification.h */,
				150C6E9E1F49956D00731FC7 /* PYReachabilityNotification.h */,
				150C6E9F1F49956D00731FC7 /* PYUncaughtExceptionHandler.h */,
				150C6EA01F49956D00731FC7 /* PYUtile.h */,
				150C6EA11F49956D00731FC7 /* pyutilea.h */,
				150C6EA21F49956D00731FC7 /* PYViewAutolayoutCenter.h */,
				150C6EA31F49956D00731FC7 /* Reachability.h */,
				150C6EA41F49956D00731FC7 /* UIColor+Expand.h */,
				150C6EA51F49956D00731FC7 /* UIImage+Expand.h */,
				150C6EA61F49956D00731FC7 /* UILable+Expand.h */,
				150C6EA71F49956D00731FC7 /* UIResponder+Hook.h */,
				150C6EA81F49956D00731FC7 /* UIView+Expand.h */,
				150C6EA91F49956D00731FC7 /* UIView+Hook.h */,
				150C6EAA1F49956D00731FC7 /* UIViewController+Hook.h */,
				150C6EAB1F49956D00731FC7 /* UIViewController+HookOrientation.h */,
				150C6EAC1F49956D00731FC7 /* UIViewController+HookView.h */,
			);
			path = pyutilea;
			sourceTree = "<group>";
		};
		150C6EE21F4AC7B200731FC7 /* Hybird */ = {
			isa = PBXGroup;
			children = (
				150C6EE31F4AC7B200731FC7 /* hybird.js */,
				150C6EE41F4AC7B200731FC7 /* PYHybirdUtile.h */,
				150C6EE51F4AC7B200731FC7 /* PYHybirdUtile.m */,
				150C6EE61F4AC7B200731FC7 /* PYWebView.h */,
				150C6EE71F4AC7B200731FC7 /* PYWebView.m */,
			);
			path = Hybird;
			sourceTree = "<group>";
		};
		152C31911F0DD6A0006FD18C /* AudioRecord */ = {
			isa = PBXGroup;
			children = (
				152C31921F0DD6EC006FD18C /* PYAudioRecord.h */,
				152C31931F0DD6EC006FD18C /* PYAudioRecord.m */,
			);
			path = AudioRecord;
			sourceTree = "<group>";
		};
		152C31951F0DE17A006FD18C /* AudioPlayer */ = {
			isa = PBXGroup;
			children = (
				152C31961F0DE198006FD18C /* PYAudio.h */,
				15D9F32C1F0F2510002276A9 /* PYAudioTools.h */,
				15D9F3291F0F2510002276A9 /* PYAudioTools.m */,
				15D9F32B1F0F2510002276A9 /* PYAudioPlayer.h */,
				15D9F32A1F0F2510002276A9 /* PYAudioPlayer.m */,
			);
			path = AudioPlayer;
			sourceTree = "<group>";
		};
		15417B311EADCF4B009C894F /* Calendar */ = {
			isa = PBXGroup;
			children = (
				15417B321EADCF4B009C894F /* NSDate+Lunar.h */,
				15417B331EADCF4B009C894F /* NSDate+Lunar.m */,
				15417B341EADCF4B009C894F /* PYCalendarHeadView.h */,
				15417B351EADCF4B009C894F /* PYCalendarHeadView.m */,
				15417B361EADCF4B009C894F /* PYCalendarParam.h */,
				15417B371EADCF4B009C894F /* PYCalendarParam.m */,
				15417B381EADCF4B009C894F /* PYCalendarTimeView.h */,
				15417B391EADCF4B009C894F /* PYCalendarTimeView.m */,
				15417B3A1EADCF4B009C894F /* PYCalendarView.h */,
				15417B3B1EADCF4B009C894F /* PYCalendarView.m */,
				15417B3C1EADCF4B009C894F /* PYCalenderDateView.h */,
				15417B3D1EADCF4B009C894F /* PYCalenderDateView.m */,
			);
			path = Calendar;
			sourceTree = "<group>";
		};
		15611F251F0B7DE800CD8848 /* Frameworks */ = {
			isa = PBXGroup;
			children = (
				150C6EEB1F4AC7C700731FC7 /* JavaScriptCore.framework */,
				152C319D1F0DEE4F006FD18C /* libmp3lame.dylib */,
				15611F261F0B7DE900CD8848 /* AVFoundation.framework */,
			);
			name = Frameworks;
			sourceTree = "<group>";
		};
		15CC07D51EA7556C0006B505 = {
			isa = PBXGroup;
			children = (
				150C6E771F49956D00731FC7 /* lib */,
				15CC08791EA7595A0006B505 /* PYKit.bundle */,
				15CC07E01EA7556C0006B505 /* PYKit */,
				15CC08611EA757A60006B505 /* pykita */,
				15CC07DF1EA7556C0006B505 /* Products */,
				15611F251F0B7DE800CD8848 /* Frameworks */,
			);
			sourceTree = "<group>";
		};
		15CC07DF1EA7556C0006B505 /* Products */ = {
			isa = PBXGroup;
			children = (
				15CC07DE1EA7556C0006B505 /* PYKit.app */,
				15CC08601EA757A60006B505 /* libpykita.a */,
			);
			name = Products;
			sourceTree = "<group>";
		};
		15CC07E01EA7556C0006B505 /* PYKit */ = {
			isa = PBXGroup;
			children = (
				15CC07F81EA756120006B505 /* Source Code */,
				15CC07E41EA7556C0006B505 /* AppDelegate.h */,
				15CC07E51EA7556C0006B505 /* AppDelegate.m */,
				15CC07E71EA7556C0006B505 /* ViewController.h */,
				15CC07E81EA7556C0006B505 /* ViewController.m */,
				15CC07EA1EA7556C0006B505 /* Main.storyboard */,
				15CC07ED1EA7556C0006B505 /* Assets.xcassets */,
				15CC07EF1EA7556C0006B505 /* LaunchScreen.storyboard */,
				15CC07F21EA7556C0006B505 /* Info.plist */,
				15CC07E11EA7556C0006B505 /* Supporting Files */,
				15DA7DAF1F09E899002FE132 /* TextFieldCheckController.h */,
				15DA7DB01F09E899002FE132 /* TextFieldCheckController.m */,
				15DA7DB11F09E899002FE132 /* TextFieldCheckController.xib */,
			);
			path = PYKit;
			sourceTree = "<group>";
		};
		15CC07E11EA7556C0006B505 /* Supporting Files */ = {
			isa = PBXGroup;
			children = (
				15CC07E21EA7556C0006B505 /* main.m */,
			);
			name = "Supporting Files";
			sourceTree = "<group>";
		};
		15CC07F81EA756120006B505 /* Source Code */ = {
			isa = PBXGroup;
			children = (
				15CC07F91EA756120006B505 /* Private */,
				15CC07FA1EA756120006B505 /* Public */,
			);
			path = "Source Code";
			sourceTree = "<group>";
		};
		15CC07F91EA756120006B505 /* Private */ = {
			isa = PBXGroup;
			children = (
				15CC084A1EA757050006B505 /* calendar_lunar.c */,
				15CC084B1EA757050006B505 /* calendar_lunar.h */,
				15CC08441EA757050006B505 /* PYCalendarGraphics.h */,
				15CC08451EA757050006B505 /* PYCalendarGraphics.m */,
				15CC08491EA757050006B505 /* PYCalendarLocation.h */,
				15CC08461EA757050006B505 /* PYCalendarLocation.m */,
				15CC08471EA757050006B505 /* PYCalendarLunar.h */,
				15CC08481EA757050006B505 /* PYCalendarLunar.m */,
				15CC084C1EA757050006B505 /* PYDatePikerView.h */,
				15CC08431EA757050006B505 /* PYDatePikerView.m */,
				1522C7BC1F18A1BC003CB0D0 /* PYTextInputCheckParams.h */,
				1522C7BD1F18A1BC003CB0D0 /* PYTextInputCheckParams.m */,
			);
			path = Private;
			sourceTree = "<group>";
		};
		15CC07FA1EA756120006B505 /* Public */ = {
			isa = PBXGroup;
			children = (
				150C6EE21F4AC7B200731FC7 /* Hybird */,
				150C6DA51F46D71500731FC7 /* SelectorBar */,
				152C31951F0DE17A006FD18C /* AudioPlayer */,
				152C31911F0DD6A0006FD18C /* AudioRecord */,
				15417B311EADCF4B009C894F /* Calendar */,
				15CC07FB1EA756120006B505 /* PYAsyImageView.h */,
				15CC07FC1EA756120006B505 /* PYAsyImageView.m */,
				15CC07FD1EA756120006B505 /* PYDisplayImageView.h */,
				15CC07FE1EA756120006B505 /* PYDisplayImageView.m */,
				15AD1EE21F02907A00AD2568 /* UITextField+Check.h */,
				15AD1EE31F02907A00AD2568 /* UITextField+Check.m */,
				155C74B11F1A556200E7CEE3 /* UITextView+Check.h */,
				155C74B21F1A556200E7CEE3 /* UITextView+Check.m */,
			);
			path = Public;
			sourceTree = "<group>";
		};
		15CC08611EA757A60006B505 /* pykita */ = {
			isa = PBXGroup;
			children = (
				15CC08621EA757A60006B505 /* pykita.h */,
			);
			path = pykita;
			sourceTree = "<group>";
		};
/* End PBXGroup section */

/* Begin PBXNativeTarget section */
		15CC07DD1EA7556C0006B505 /* PYKit */ = {
			isa = PBXNativeTarget;
			buildConfigurationList = 15CC07F51EA7556C0006B505 /* Build configuration list for PBXNativeTarget "PYKit" */;
			buildPhases = (
				15CC07DA1EA7556C0006B505 /* Sources */,
				15CC07DB1EA7556C0006B505 /* Frameworks */,
				15CC07DC1EA7556C0006B505 /* Resources */,
			);
			buildRules = (
			);
			dependencies = (
			);
			name = PYKit;
			productName = PYKit;
			productReference = 15CC07DE1EA7556C0006B505 /* PYKit.app */;
			productType = "com.apple.product-type.application";
		};
		15CC085F1EA757A60006B505 /* pykita */ = {
			isa = PBXNativeTarget;
			buildConfigurationList = 15CC08661EA757A60006B505 /* Build configuration list for PBXNativeTarget "pykita" */;
			buildPhases = (
				15CC085C1EA757A60006B505 /* Sources */,
				15CC085D1EA757A60006B505 /* Frameworks */,
				15CC085E1EA757A60006B505 /* CopyFiles */,
			);
			buildRules = (
			);
			dependencies = (
			);
			name = pykita;
			productName = pykita;
			productReference = 15CC08601EA757A60006B505 /* libpykita.a */;
			productType = "com.apple.product-type.library.static";
		};
/* End PBXNativeTarget section */

/* Begin PBXProject section */
		15CC07D61EA7556C0006B505 /* Project object */ = {
			isa = PBXProject;
			attributes = {
				LastUpgradeCheck = 0830;
				ORGANIZATIONNAME = wlpiaoyi;
				TargetAttributes = {
					15CC07DD1EA7556C0006B505 = {
						CreatedOnToolsVersion = 8.3;
						DevelopmentTeam = S4NUSJ3KDJ;
						ProvisioningStyle = Automatic;
					};
					15CC085F1EA757A60006B505 = {
						CreatedOnToolsVersion = 8.3;
						DevelopmentTeam = S4NUSJ3KDJ;
						ProvisioningStyle = Automatic;
					};
				};
			};
			buildConfigurationList = 15CC07D91EA7556C0006B505 /* Build configuration list for PBXProject "PYKit" */;
			compatibilityVersion = "Xcode 3.2";
			developmentRegion = English;
			hasScannedForEncodings = 0;
			knownRegions = (
				en,
				Base,
			);
			mainGroup = 15CC07D51EA7556C0006B505;
			productRefGroup = 15CC07DF1EA7556C0006B505 /* Products */;
			projectDirPath = "";
			projectRoot = "";
			targets = (
				15CC07DD1EA7556C0006B505 /* PYKit */,
				15CC085F1EA757A60006B505 /* pykita */,
			);
		};
/* End PBXProject section */

/* Begin PBXResourcesBuildPhase section */
		15CC07DC1EA7556C0006B505 /* Resources */ = {
			isa = PBXResourcesBuildPhase;
			buildActionMask = 2147483647;
			files = (
				15CC07F11EA7556C0006B505 /* LaunchScreen.storyboard in Resources */,
				15CC087A1EA7595A0006B505 /* PYKit.bundle in Resources */,
				15DA7DB31F09E899002FE132 /* TextFieldCheckController.xib in Resources */,
				15CC07EE1EA7556C0006B505 /* Assets.xcassets in Resources */,
				150C6EE81F4AC7B200731FC7 /* hybird.js in Resources */,
				15CC07EC1EA7556C0006B505 /* Main.storyboard in Resources */,
			);
			runOnlyForDeploymentPostprocessing = 0;
		};
/* End PBXResourcesBuildPhase section */

/* Begin PBXSourcesBuildPhase section */
		15CC07DA1EA7556C0006B505 /* Sources */ = {
			isa = PBXSourcesBuildPhase;
			buildActionMask = 2147483647;
			files = (
				15CC07E91EA7556C0006B505 /* ViewController.m in Sources */,
				15417B401EADCF4B009C894F /* PYCalendarParam.m in Sources */,
				150C6EE91F4AC7B200731FC7 /* PYHybirdUtile.m in Sources */,
				15CC084E1EA757050006B505 /* PYCalendarGraphics.m in Sources */,
				15CC08501EA757050006B505 /* PYCalendarLunar.m in Sources */,
				15AD1EE41F02907A00AD2568 /* UITextField+Check.m in Sources */,
				15417B3E1EADCF4B009C894F /* NSDate+Lunar.m in Sources */,
				15CC084F1EA757050006B505 /* PYCalendarLocation.m in Sources */,
				15CC07E61EA7556C0006B505 /* AppDelegate.m in Sources */,
				15417B421EADCF4B009C894F /* PYCalendarView.m in Sources */,
				15CC084D1EA757050006B505 /* PYDatePikerView.m in Sources */,
				15417B411EADCF4B009C894F /* PYCalendarTimeView.m in Sources */,
				1522C7BE1F18A1BC003CB0D0 /* PYTextInputCheckParams.m in Sources */,
				155C74B31F1A556200E7CEE3 /* UITextView+Check.m in Sources */,
				150C6EEA1F4AC7B200731FC7 /* PYWebView.m in Sources */,
				15417B3F1EADCF4B009C894F /* PYCalendarHeadView.m in Sources */,
				15CC07E31EA7556C0006B505 /* main.m in Sources */,
				15CC08511EA757050006B505 /* calendar_lunar.c in Sources */,
				150C6DA81F46D74800731FC7 /* PYSelectorBarView.m in Sources */,
				15CC08001EA756120006B505 /* PYDisplayImageView.m in Sources */,
				15D9F32E1F0F2510002276A9 /* PYAudioPlayer.m in Sources */,
				152C31941F0DD6EC006FD18C /* PYAudioRecord.m in Sources */,
				15CC07FF1EA756120006B505 /* PYAsyImageView.m in Sources */,
				15D9F32D1F0F2510002276A9 /* PYAudioTools.m in Sources */,
				15DA7DB21F09E899002FE132 /* TextFieldCheckController.m in Sources */,
				15417B431EADCF4B009C894F /* PYCalenderDateView.m in Sources */,
			);
			runOnlyForDeploymentPostprocessing = 0;
		};
		15CC085C1EA757A60006B505 /* Sources */ = {
			isa = PBXSourcesBuildPhase;
			buildActionMask = 2147483647;
			files = (
				152F58B01F4BDCE0006528C7 /* PYHybirdUtile.m in Sources */,
				152F58B11F4BDCE0006528C7 /* PYWebView.m in Sources */,
				150C6DAA1F46EB8900731FC7 /* PYSelectorBarView.m in Sources */,
				15325E5A1F1C725A00DD1633 /* PYTextInputCheckParams.m in Sources */,
				15325E5B1F1C725A00DD1633 /* UITextView+Check.m in Sources */,
				15AA33481F1609ED0070631E /* PYAudioTools.m in Sources */,
				15AA33491F1609ED0070631E /* PYAudioPlayer.m in Sources */,
				15AA334A1F1609ED0070631E /* PYAudioRecord.m in Sources */,
				155B8F541F064D97007FE5A9 /* UITextField+Check.m in Sources */,
				15417B4A1EADCF6B009C894F /* NSDate+Lunar.m in Sources */,
				15417B4B1EADCF6B009C894F /* PYCalendarHeadView.m in Sources */,
				15417B4C1EADCF6B009C894F /* PYCalendarParam.m in Sources */,
				15417B4D1EADCF6B009C894F /* PYCalendarTimeView.m in Sources */,
				15417B4E1EADCF6B009C894F /* PYCalendarView.m in Sources */,
				15417B4F1EADCF6B009C894F /* PYCalenderDateView.m in Sources */,
				15B8D6611EA8855A00B8487E /* calendar_lunar.c in Sources */,
				15CC087B1EA759EA0006B505 /* PYCalendarGraphics.m in Sources */,
				15CC087C1EA759EA0006B505 /* PYCalendarLocation.m in Sources */,
				15CC087D1EA759EA0006B505 /* PYCalendarLunar.m in Sources */,
				15CC087E1EA759EA0006B505 /* PYDatePikerView.m in Sources */,
				15CC086F1EA757BA0006B505 /* PYAsyImageView.m in Sources */,
				15CC08701EA757BA0006B505 /* PYDisplayImageView.m in Sources */,
			);
			runOnlyForDeploymentPostprocessing = 0;
		};
/* End PBXSourcesBuildPhase section */

/* Begin PBXVariantGroup section */
		15CC07EA1EA7556C0006B505 /* Main.storyboard */ = {
			isa = PBXVariantGroup;
			children = (
				15CC07EB1EA7556C0006B505 /* Base */,
			);
			name = Main.storyboard;
			sourceTree = "<group>";
		};
		15CC07EF1EA7556C0006B505 /* LaunchScreen.storyboard */ = {
			isa = PBXVariantGroup;
			children = (
				15CC07F01EA7556C0006B505 /* Base */,
			);
			name = LaunchScreen.storyboard;
			sourceTree = "<group>";
		};
/* End PBXVariantGroup section */

/* Begin XCBuildConfiguration section */
		15CC07F31EA7556C0006B505 /* Debug */ = {
			isa = XCBuildConfiguration;
			buildSettings = {
				ALWAYS_SEARCH_USER_PATHS = NO;
				CLANG_ANALYZER_NONNULL = YES;
				CLANG_ANALYZER_NUMBER_OBJECT_CONVERSION = YES_AGGRESSIVE;
				CLANG_CXX_LANGUAGE_STANDARD = "gnu++0x";
				CLANG_CXX_LIBRARY = "libc++";
				CLANG_ENABLE_MODULES = YES;
				CLANG_ENABLE_OBJC_ARC = YES;
				CLANG_WARN_BOOL_CONVERSION = YES;
				CLANG_WARN_CONSTANT_CONVERSION = YES;
				CLANG_WARN_DIRECT_OBJC_ISA_USAGE = YES_ERROR;
				CLANG_WARN_DOCUMENTATION_COMMENTS = YES;
				CLANG_WARN_EMPTY_BODY = YES;
				CLANG_WARN_ENUM_CONVERSION = YES;
				CLANG_WARN_INFINITE_RECURSION = YES;
				CLANG_WARN_INT_CONVERSION = YES;
				CLANG_WARN_OBJC_ROOT_CLASS = YES_ERROR;
				CLANG_WARN_SUSPICIOUS_MOVE = YES;
				CLANG_WARN_UNREACHABLE_CODE = YES;
				CLANG_WARN__DUPLICATE_METHOD_MATCH = YES;
				"CODE_SIGN_IDENTITY[sdk=iphoneos*]" = "iPhone Developer";
				COPY_PHASE_STRIP = NO;
				DEBUG_INFORMATION_FORMAT = dwarf;
				ENABLE_BITCODE = NO;
				ENABLE_STRICT_OBJC_MSGSEND = YES;
				ENABLE_TESTABILITY = YES;
				GCC_C_LANGUAGE_STANDARD = gnu99;
				GCC_DYNAMIC_NO_PIC = NO;
				GCC_NO_COMMON_BLOCKS = YES;
				GCC_OPTIMIZATION_LEVEL = 0;
				GCC_PREPROCESSOR_DEFINITIONS = (
					"DEBUG=1",
					"$(inherited)",
				);
				GCC_WARN_64_TO_32_BIT_CONVERSION = YES;
				GCC_WARN_ABOUT_RETURN_TYPE = YES_ERROR;
				GCC_WARN_UNDECLARED_SELECTOR = YES;
				GCC_WARN_UNINITIALIZED_AUTOS = YES_AGGRESSIVE;
				GCC_WARN_UNUSED_FUNCTION = YES;
				GCC_WARN_UNUSED_VARIABLE = YES;
				IPHONEOS_DEPLOYMENT_TARGET = 10.3;
				MTL_ENABLE_DEBUG_INFO = YES;
				ONLY_ACTIVE_ARCH = NO;
				SDKROOT = iphoneos;
				TARGETED_DEVICE_FAMILY = "1,2";
			};
			name = Debug;
		};
		15CC07F41EA7556C0006B505 /* Release */ = {
			isa = XCBuildConfiguration;
			buildSettings = {
				ALWAYS_SEARCH_USER_PATHS = NO;
				CLANG_ANALYZER_NONNULL = YES;
				CLANG_ANALYZER_NUMBER_OBJECT_CONVERSION = YES_AGGRESSIVE;
				CLANG_CXX_LANGUAGE_STANDARD = "gnu++0x";
				CLANG_CXX_LIBRARY = "libc++";
				CLANG_ENABLE_MODULES = YES;
				CLANG_ENABLE_OBJC_ARC = YES;
				CLANG_WARN_BOOL_CONVERSION = YES;
				CLANG_WARN_CONSTANT_CONVERSION = YES;
				CLANG_WARN_DIRECT_OBJC_ISA_USAGE = YES_ERROR;
				CLANG_WARN_DOCUMENTATION_COMMENTS = YES;
				CLANG_WARN_EMPTY_BODY = YES;
				CLANG_WARN_ENUM_CONVERSION = YES;
				CLANG_WARN_INFINITE_RECURSION = YES;
				CLANG_WARN_INT_CONVERSION = YES;
				CLANG_WARN_OBJC_ROOT_CLASS = YES_ERROR;
				CLANG_WARN_SUSPICIOUS_MOVE = YES;
				CLANG_WARN_UNREACHABLE_CODE = YES;
				CLANG_WARN__DUPLICATE_METHOD_MATCH = YES;
				"CODE_SIGN_IDENTITY[sdk=iphoneos*]" = "iPhone Developer";
				COPY_PHASE_STRIP = NO;
				DEBUG_INFORMATION_FORMAT = "dwarf-with-dsym";
				ENABLE_BITCODE = NO;
				ENABLE_NS_ASSERTIONS = NO;
				ENABLE_STRICT_OBJC_MSGSEND = YES;
				GCC_C_LANGUAGE_STANDARD = gnu99;
				GCC_NO_COMMON_BLOCKS = YES;
				GCC_WARN_64_TO_32_BIT_CONVERSION = YES;
				GCC_WARN_ABOUT_RETURN_TYPE = YES_ERROR;
				GCC_WARN_UNDECLARED_SELECTOR = YES;
				GCC_WARN_UNINITIALIZED_AUTOS = YES_AGGRESSIVE;
				GCC_WARN_UNUSED_FUNCTION = YES;
				GCC_WARN_UNUSED_VARIABLE = YES;
				IPHONEOS_DEPLOYMENT_TARGET = 10.3;
				MTL_ENABLE_DEBUG_INFO = NO;
				SDKROOT = iphoneos;
				TARGETED_DEVICE_FAMILY = "1,2";
				VALIDATE_PRODUCT = YES;
			};
			name = Release;
		};
		15CC07F61EA7556C0006B505 /* Debug */ = {
			isa = XCBuildConfiguration;
			buildSettings = {
				ASSETCATALOG_COMPILER_APPICON_NAME = AppIcon;
				DEVELOPMENT_TEAM = S4NUSJ3KDJ;
				FRAMEWORK_SEARCH_PATHS = (
					"$(inherited)",
					"$(PROJECT_DIR)",
				);
				INFOPLIST_FILE = PYKit/Info.plist;
				IPHONEOS_DEPLOYMENT_TARGET = 8.0;
				LD_RUNPATH_SEARCH_PATHS = "$(inherited) @executable_path/Frameworks";
				LIBRARY_SEARCH_PATHS = (
					"$(inherited)",
					"$(PROJECT_DIR)",
					"$(PROJECT_DIR)/Speex/ogg",
					"$(PROJECT_DIR)/Speex/speex",
					"$(PROJECT_DIR)/Speex/speexdsp",
					"$(PROJECT_DIR)/lame",
					"$(PROJECT_DIR)/PYKit/Source\\ Code/Private/libmp3lame/.libs",
					"$(PROJECT_DIR)/PYKit/Source\\ Code/Private/libmp3lame/.libs",
					"$(PROJECT_DIR)/PYKit/Source\\ Code/Private/libmp3lame/.libs/libmp3lame.lax",
					"$(PROJECT_DIR)/PYKit/Source\\ Code/Private/libmp3lame/vector/.libs",
					"$(PROJECT_DIR)/PYKit/Source\\ Code/Private/mpglib/.libs",
					"$(PROJECT_DIR)/include/libmp3lame",
					"$(PROJECT_DIR)/lib/libmp3lame",
					"$(PROJECT_DIR)/lib",
				);
				OTHER_LDFLAGS = "-ObjC";
				PRODUCT_BUNDLE_IDENTIFIER = wlpiaoyi.PYKit;
				PRODUCT_NAME = "$(TARGET_NAME)";
			};
			name = Debug;
		};
		15CC07F71EA7556C0006B505 /* Release */ = {
			isa = XCBuildConfiguration;
			buildSettings = {
				ASSETCATALOG_COMPILER_APPICON_NAME = AppIcon;
				DEVELOPMENT_TEAM = S4NUSJ3KDJ;
				FRAMEWORK_SEARCH_PATHS = (
					"$(inherited)",
					"$(PROJECT_DIR)",
				);
				INFOPLIST_FILE = PYKit/Info.plist;
				IPHONEOS_DEPLOYMENT_TARGET = 8.0;
				LD_RUNPATH_SEARCH_PATHS = "$(inherited) @executable_path/Frameworks";
				LIBRARY_SEARCH_PATHS = (
					"$(inherited)",
					"$(PROJECT_DIR)",
					"$(PROJECT_DIR)/Speex/ogg",
					"$(PROJECT_DIR)/Speex/speex",
					"$(PROJECT_DIR)/Speex/speexdsp",
					"$(PROJECT_DIR)/lame",
					"$(PROJECT_DIR)/PYKit/Source\\ Code/Private/libmp3lame/.libs",
					"$(PROJECT_DIR)/PYKit/Source\\ Code/Private/libmp3lame/.libs",
					"$(PROJECT_DIR)/PYKit/Source\\ Code/Private/libmp3lame/.libs/libmp3lame.lax",
					"$(PROJECT_DIR)/PYKit/Source\\ Code/Private/libmp3lame/vector/.libs",
					"$(PROJECT_DIR)/PYKit/Source\\ Code/Private/mpglib/.libs",
					"$(PROJECT_DIR)/include/libmp3lame",
					"$(PROJECT_DIR)/lib/libmp3lame",
					"$(PROJECT_DIR)/lib",
				);
				OTHER_LDFLAGS = "-ObjC";
				PRODUCT_BUNDLE_IDENTIFIER = wlpiaoyi.PYKit;
				PRODUCT_NAME = "$(TARGET_NAME)";
			};
			name = Release;
		};
		15CC08671EA757A60006B505 /* Debug */ = {
			isa = XCBuildConfiguration;
			buildSettings = {
				DEVELOPMENT_TEAM = S4NUSJ3KDJ;
				ENABLE_BITCODE = YES;
				IPHONEOS_DEPLOYMENT_TARGET = 8.0;
				LIBRARY_SEARCH_PATHS = (
					"$(inherited)",
					"$(PROJECT_DIR)",
				);
				ONLY_ACTIVE_ARCH = YES;
				OTHER_LDFLAGS = (
					"-ObjC",
					"-all_load",
				);
				PRODUCT_NAME = "$(TARGET_NAME)";
				SKIP_INSTALL = YES;
			};
			name = Debug;
		};
		15CC08681EA757A60006B505 /* Release */ = {
			isa = XCBuildConfiguration;
			buildSettings = {
				DEVELOPMENT_TEAM = S4NUSJ3KDJ;
				ENABLE_BITCODE = YES;
				IPHONEOS_DEPLOYMENT_TARGET = 8.0;
				LIBRARY_SEARCH_PATHS = (
					"$(inherited)",
					"$(PROJECT_DIR)",
				);
				OTHER_LDFLAGS = (
					"-ObjC",
					"-all_load",
				);
				PRODUCT_NAME = "$(TARGET_NAME)";
				SKIP_INSTALL = YES;
			};
			name = Release;
		};
/* End XCBuildConfiguration section */

/* Begin XCConfigurationList section */
		15CC07D91EA7556C0006B505 /* Build configuration list for PBXProject "PYKit" */ = {
			isa = XCConfigurationList;
			buildConfigurations = (
				15CC07F31EA7556C0006B505 /* Debug */,
				15CC07F41EA7556C0006B505 /* Release */,
			);
			defaultConfigurationIsVisible = 0;
			defaultConfigurationName = Release;
		};
		15CC07F51EA7556C0006B505 /* Build configuration list for PBXNativeTarget "PYKit" */ = {
			isa = XCConfigurationList;
			buildConfigurations = (
				15CC07F61EA7556C0006B505 /* Debug */,
				15CC07F71EA7556C0006B505 /* Release */,
			);
			defaultConfigurationIsVisible = 0;
			defaultConfigurationName = Release;
		};
		15CC08661EA757A60006B505 /* Build configuration list for PBXNativeTarget "pykita" */ = {
			isa = XCConfigurationList;
			buildConfigurations = (
				15CC08671EA757A60006B505 /* Debug */,
				15CC08681EA757A60006B505 /* Release */,
			);
			defaultConfigurationIsVisible = 0;
			defaultConfigurationName = Release;
		};
/* End XCConfigurationList section */
	};
	rootObject = 15CC07D61EA7556C0006B505 /* Project object */;
}
